// !$*UTF8*$!
{
	archiveVersion = 1;
	classes = {
	};
	objectVersion = 46;
	objects = {

/* Begin PBXBuildFile section */
		942B965819AAC846006A396B /* Foundation.framework in Frameworks */ = {isa = PBXBuildFile; fileRef = 942B965719AAC846006A396B /* Foundation.framework */; };
		942B965A19AAC846006A396B /* CoreGraphics.framework in Frameworks */ = {isa = PBXBuildFile; fileRef = 942B965919AAC846006A396B /* CoreGraphics.framework */; };
		942B965C19AAC846006A396B /* UIKit.framework in Frameworks */ = {isa = PBXBuildFile; fileRef = 942B965B19AAC846006A396B /* UIKit.framework */; };
		942B966219AAC846006A396B /* InfoPlist.strings in Resources */ = {isa = PBXBuildFile; fileRef = 942B966019AAC846006A396B /* InfoPlist.strings */; };
		942B966419AAC846006A396B /* main.m in Sources */ = {isa = PBXBuildFile; fileRef = 942B966319AAC846006A396B /* main.m */; };
		942B966819AAC846006A396B /* VMAppDelegate.m in Sources */ = {isa = PBXBuildFile; fileRef = 942B966719AAC846006A396B /* VMAppDelegate.m */; };
		942B967319AAC846006A396B /* Images.xcassets in Resources */ = {isa = PBXBuildFile; fileRef = 942B967219AAC846006A396B /* Images.xcassets */; };
		942B967A19AAC846006A396B /* XCTest.framework in Frameworks */ = {isa = PBXBuildFile; fileRef = 942B967919AAC846006A396B /* XCTest.framework */; };
		942B967B19AAC846006A396B /* Foundation.framework in Frameworks */ = {isa = PBXBuildFile; fileRef = 942B965719AAC846006A396B /* Foundation.framework */; };
		942B967C19AAC846006A396B /* UIKit.framework in Frameworks */ = {isa = PBXBuildFile; fileRef = 942B965B19AAC846006A396B /* UIKit.framework */; };
		942B968419AAC846006A396B /* InfoPlist.strings in Resources */ = {isa = PBXBuildFile; fileRef = 942B968219AAC846006A396B /* InfoPlist.strings */; };
		942B968619AAC846006A396B /* VeraMeat_PlayTests.m in Sources */ = {isa = PBXBuildFile; fileRef = 942B968519AAC846006A396B /* VeraMeat_PlayTests.m */; };
		942B969119AAC8A5006A396B /* VMGridViewController.m in Sources */ = {isa = PBXBuildFile; fileRef = 942B969019AAC8A5006A396B /* VMGridViewController.m */; };
		942B969419AAC9AC006A396B /* VMGridViewCell.m in Sources */ = {isa = PBXBuildFile; fileRef = 942B969319AAC9AC006A396B /* VMGridViewCell.m */; };
		942B971219AACF11006A396B /* Storyboard.storyboard in Resources */ = {isa = PBXBuildFile; fileRef = 942B971119AACF11006A396B /* Storyboard.storyboard */; };
		948616AA19B4FC2F00B3D4AB /* dog_21.png in Resources */ = {isa = PBXBuildFile; fileRef = 948616A519B4FC2F00B3D4AB /* dog_21.png */; };
		948616AB19B4FC2F00B3D4AB /* dog_22.png in Resources */ = {isa = PBXBuildFile; fileRef = 948616A619B4FC2F00B3D4AB /* dog_22.png */; };
		948616AC19B4FC2F00B3D4AB /* dog_23.png in Resources */ = {isa = PBXBuildFile; fileRef = 948616A719B4FC2F00B3D4AB /* dog_23.png */; };
		948616AD19B4FC2F00B3D4AB /* dog_24.png in Resources */ = {isa = PBXBuildFile; fileRef = 948616A819B4FC2F00B3D4AB /* dog_24.png */; };
		948616AE19B4FC2F00B3D4AB /* dog_25.png in Resources */ = {isa = PBXBuildFile; fileRef = 948616A919B4FC2F00B3D4AB /* dog_25.png */; };
		948616B919B4FCA700B3D4AB /* cat_16.png in Resources */ = {isa = PBXBuildFile; fileRef = 948616AF19B4FCA700B3D4AB /* cat_16.png */; };
		948616BA19B4FCA700B3D4AB /* cat_17.png in Resources */ = {isa = PBXBuildFile; fileRef = 948616B019B4FCA700B3D4AB /* cat_17.png */; };
		948616BB19B4FCA700B3D4AB /* cat_18.png in Resources */ = {isa = PBXBuildFile; fileRef = 948616B119B4FCA700B3D4AB /* cat_18.png */; };
		948616BC19B4FCA700B3D4AB /* cat_19.png in Resources */ = {isa = PBXBuildFile; fileRef = 948616B219B4FCA700B3D4AB /* cat_19.png */; };
		948616BD19B4FCA700B3D4AB /* cat_20.png in Resources */ = {isa = PBXBuildFile; fileRef = 948616B319B4FCA700B3D4AB /* cat_20.png */; };
		948616BE19B4FCA700B3D4AB /* cat_21.png in Resources */ = {isa = PBXBuildFile; fileRef = 948616B419B4FCA700B3D4AB /* cat_21.png */; };
		948616BF19B4FCA700B3D4AB /* cat_22.png in Resources */ = {isa = PBXBuildFile; fileRef = 948616B519B4FCA700B3D4AB /* cat_22.png */; };
		948616C019B4FCA700B3D4AB /* cat_23.png in Resources */ = {isa = PBXBuildFile; fileRef = 948616B619B4FCA700B3D4AB /* cat_23.png */; };
		948616C119B4FCA700B3D4AB /* cat_24.png in Resources */ = {isa = PBXBuildFile; fileRef = 948616B719B4FCA700B3D4AB /* cat_24.png */; };
		948616C219B4FCA700B3D4AB /* cat_25.png in Resources */ = {isa = PBXBuildFile; fileRef = 948616B819B4FCA700B3D4AB /* cat_25.png */; };
		948616CB19B4FE4100B3D4AB /* dog_13.png in Resources */ = {isa = PBXBuildFile; fileRef = 948616C319B4FE4100B3D4AB /* dog_13.png */; };
		948616CC19B4FE4100B3D4AB /* dog_14.png in Resources */ = {isa = PBXBuildFile; fileRef = 948616C419B4FE4100B3D4AB /* dog_14.png */; };
		948616CD19B4FE4100B3D4AB /* dog_15.png in Resources */ = {isa = PBXBuildFile; fileRef = 948616C519B4FE4100B3D4AB /* dog_15.png */; };
		948616CE19B4FE4100B3D4AB /* dog_16.png in Resources */ = {isa = PBXBuildFile; fileRef = 948616C619B4FE4100B3D4AB /* dog_16.png */; };
		948616CF19B4FE4100B3D4AB /* dog_17.png in Resources */ = {isa = PBXBuildFile; fileRef = 948616C719B4FE4100B3D4AB /* dog_17.png */; };
		948616D019B4FE4100B3D4AB /* dog_18.png in Resources */ = {isa = PBXBuildFile; fileRef = 948616C819B4FE4100B3D4AB /* dog_18.png */; };
		948616D119B4FE4100B3D4AB /* dog_19.png in Resources */ = {isa = PBXBuildFile; fileRef = 948616C919B4FE4100B3D4AB /* dog_19.png */; };
		948616D219B4FE4100B3D4AB /* dog_20.png in Resources */ = {isa = PBXBuildFile; fileRef = 948616CA19B4FE4100B3D4AB /* dog_20.png */; };
		E99422861A44827D0057F665 /* back_card_cat.png in Resources */ = {isa = PBXBuildFile; fileRef = E99422481A44827D0057F665 /* back_card_cat.png */; };
		E99422871A44827D0057F665 /* back_card_dog.png in Resources */ = {isa = PBXBuildFile; fileRef = E99422491A44827D0057F665 /* back_card_dog.png */; };
		E99422881A44827D0057F665 /* back_card_man1.png in Resources */ = {isa = PBXBuildFile; fileRef = E994224A1A44827D0057F665 /* back_card_man1.png */; };
		E99422891A44827D0057F665 /* back_card_man2.png in Resources */ = {isa = PBXBuildFile; fileRef = E994224B1A44827D0057F665 /* back_card_man2.png */; };
		E994228A1A44827D0057F665 /* cat_5.png in Resources */ = {isa = PBXBuildFile; fileRef = E994224C1A44827D0057F665 /* cat_5.png */; };
		E994228B1A44827D0057F665 /* cat_6.png in Resources */ = {isa = PBXBuildFile; fileRef = E994224D1A44827D0057F665 /* cat_6.png */; };
		E994228C1A44827D0057F665 /* cat_7.png in Resources */ = {isa = PBXBuildFile; fileRef = E994224E1A44827D0057F665 /* cat_7.png */; };
		E994228D1A44827D0057F665 /* cat_8.png in Resources */ = {isa = PBXBuildFile; fileRef = E994224F1A44827D0057F665 /* cat_8.png */; };
		E994228E1A44827D0057F665 /* cat_9.png in Resources */ = {isa = PBXBuildFile; fileRef = E99422501A44827D0057F665 /* cat_9.png */; };
		E994228F1A44827D0057F665 /* cat_10.png in Resources */ = {isa = PBXBuildFile; fileRef = E99422511A44827D0057F665 /* cat_10.png */; };
		E99422901A44827D0057F665 /* cat_11.png in Resources */ = {isa = PBXBuildFile; fileRef = E99422521A44827D0057F665 /* cat_11.png */; };
		E99422911A44827D0057F665 /* cat_12.png in Resources */ = {isa = PBXBuildFile; fileRef = E99422531A44827D0057F665 /* cat_12.png */; };
		E99422921A44827D0057F665 /* cat_13.png in Resources */ = {isa = PBXBuildFile; fileRef = E99422541A44827D0057F665 /* cat_13.png */; };
		E99422931A44827D0057F665 /* cat_14.png in Resources */ = {isa = PBXBuildFile; fileRef = E99422551A44827D0057F665 /* cat_14.png */; };
		E99422941A44827D0057F665 /* cat_15.png in Resources */ = {isa = PBXBuildFile; fileRef = E99422561A44827D0057F665 /* cat_15.png */; };
		E99422951A44827D0057F665 /* dog_1.png in Resources */ = {isa = PBXBuildFile; fileRef = E99422571A44827D0057F665 /* dog_1.png */; };
		E99422961A44827D0057F665 /* dog_2.png in Resources */ = {isa = PBXBuildFile; fileRef = E99422581A44827D0057F665 /* dog_2.png */; };
		E99422971A44827D0057F665 /* dog_3.png in Resources */ = {isa = PBXBuildFile; fileRef = E99422591A44827D0057F665 /* dog_3.png */; };
		E99422981A44827D0057F665 /* dog_4.png in Resources */ = {isa = PBXBuildFile; fileRef = E994225A1A44827D0057F665 /* dog_4.png */; };
		E99422991A44827D0057F665 /* dog_5.png in Resources */ = {isa = PBXBuildFile; fileRef = E994225B1A44827D0057F665 /* dog_5.png */; };
		E994229A1A44827D0057F665 /* dog_6.png in Resources */ = {isa = PBXBuildFile; fileRef = E994225C1A44827D0057F665 /* dog_6.png */; };
		E994229B1A44827D0057F665 /* dog_7.png in Resources */ = {isa = PBXBuildFile; fileRef = E994225D1A44827D0057F665 /* dog_7.png */; };
		E994229C1A44827D0057F665 /* dog_8.png in Resources */ = {isa = PBXBuildFile; fileRef = E994225E1A44827D0057F665 /* dog_8.png */; };
		E994229D1A44827D0057F665 /* dog_9.png in Resources */ = {isa = PBXBuildFile; fileRef = E994225F1A44827D0057F665 /* dog_9.png */; };
		E994229E1A44827D0057F665 /* dog_10.png in Resources */ = {isa = PBXBuildFile; fileRef = E99422601A44827D0057F665 /* dog_10.png */; };
		E994229F1A44827D0057F665 /* dog_11.png in Resources */ = {isa = PBXBuildFile; fileRef = E99422611A44827D0057F665 /* dog_11.png */; };
		E99422A01A44827D0057F665 /* dog_12.png in Resources */ = {isa = PBXBuildFile; fileRef = E99422621A44827D0057F665 /* dog_12.png */; };
		E99422A11A44827D0057F665 /* man_1.png in Resources */ = {isa = PBXBuildFile; fileRef = E99422631A44827D0057F665 /* man_1.png */; };
		E99422A21A44827D0057F665 /* man_2.png in Resources */ = {isa = PBXBuildFile; fileRef = E99422641A44827D0057F665 /* man_2.png */; };
		E99422A31A44827D0057F665 /* man_3.png in Resources */ = {isa = PBXBuildFile; fileRef = E99422651A44827D0057F665 /* man_3.png */; };
		E99422A41A44827D0057F665 /* man_4.png in Resources */ = {isa = PBXBuildFile; fileRef = E99422661A44827D0057F665 /* man_4.png */; };
		E99422A51A44827D0057F665 /* man_5.png in Resources */ = {isa = PBXBuildFile; fileRef = E99422671A44827D0057F665 /* man_5.png */; };
		E99422A61A44827D0057F665 /* man_6.png in Resources */ = {isa = PBXBuildFile; fileRef = E99422681A44827D0057F665 /* man_6.png */; };
		E99422A71A44827D0057F665 /* man_7.png in Resources */ = {isa = PBXBuildFile; fileRef = E99422691A44827D0057F665 /* man_7.png */; };
		E99422A81A44827D0057F665 /* man_8.png in Resources */ = {isa = PBXBuildFile; fileRef = E994226A1A44827D0057F665 /* man_8.png */; };
		E99422A91A44827D0057F665 /* man_9.png in Resources */ = {isa = PBXBuildFile; fileRef = E994226B1A44827D0057F665 /* man_9.png */; };
		E99422AA1A44827D0057F665 /* man_10.png in Resources */ = {isa = PBXBuildFile; fileRef = E994226C1A44827D0057F665 /* man_10.png */; };
		E99422AB1A44827D0057F665 /* man_11.png in Resources */ = {isa = PBXBuildFile; fileRef = E994226D1A44827D0057F665 /* man_11.png */; };
		E99422AC1A44827D0057F665 /* man_12.png in Resources */ = {isa = PBXBuildFile; fileRef = E994226E1A44827D0057F665 /* man_12.png */; };
		E99422AD1A44827D0057F665 /* man_13.png in Resources */ = {isa = PBXBuildFile; fileRef = E994226F1A44827D0057F665 /* man_13.png */; };
		E99422AE1A44827D0057F665 /* power_animal_1.png in Resources */ = {isa = PBXBuildFile; fileRef = E99422701A44827D0057F665 /* power_animal_1.png */; };
		E99422AF1A44827D0057F665 /* power_animal_2.png in Resources */ = {isa = PBXBuildFile; fileRef = E99422711A44827D0057F665 /* power_animal_2.png */; };
		E99422B01A44827D0057F665 /* power_animal_3.png in Resources */ = {isa = PBXBuildFile; fileRef = E99422721A44827D0057F665 /* power_animal_3.png */; };
		E99422B11A44827D0057F665 /* power_animal_4.png in Resources */ = {isa = PBXBuildFile; fileRef = E99422731A44827D0057F665 /* power_animal_4.png */; };
		E99422B21A44827D0057F665 /* power_animal_5.png in Resources */ = {isa = PBXBuildFile; fileRef = E99422741A44827D0057F665 /* power_animal_5.png */; };
		E99422B31A44827D0057F665 /* power_animal_6.png in Resources */ = {isa = PBXBuildFile; fileRef = E99422751A44827D0057F665 /* power_animal_6.png */; };
		E99422B41A44827D0057F665 /* power_animal_7.png in Resources */ = {isa = PBXBuildFile; fileRef = E99422761A44827D0057F665 /* power_animal_7.png */; };
		E99422B51A44827D0057F665 /* power_animal_8.png in Resources */ = {isa = PBXBuildFile; fileRef = E99422771A44827D0057F665 /* power_animal_8.png */; };
		E99422B61A44827D0057F665 /* power_animal_9.png in Resources */ = {isa = PBXBuildFile; fileRef = E99422781A44827D0057F665 /* power_animal_9.png */; };
		E99422B71A44827D0057F665 /* power_animal_10.png in Resources */ = {isa = PBXBuildFile; fileRef = E99422791A44827D0057F665 /* power_animal_10.png */; };
		E99422B81A44827D0057F665 /* power_animal_11.png in Resources */ = {isa = PBXBuildFile; fileRef = E994227A1A44827D0057F665 /* power_animal_11.png */; };
		E99422B91A44827D0057F665 /* power_animal_12.png in Resources */ = {isa = PBXBuildFile; fileRef = E994227B1A44827D0057F665 /* power_animal_12.png */; };
		E99422BA1A44827D0057F665 /* power_animal_13.png in Resources */ = {isa = PBXBuildFile; fileRef = E994227C1A44827D0057F665 /* power_animal_13.png */; };
		E99422BB1A44827D0057F665 /* power_animal_14.png in Resources */ = {isa = PBXBuildFile; fileRef = E994227D1A44827D0057F665 /* power_animal_14.png */; };
		E99422BC1A44827D0057F665 /* power_animal_15.png in Resources */ = {isa = PBXBuildFile; fileRef = E994227E1A44827D0057F665 /* power_animal_15.png */; };
		E99422BD1A44827D0057F665 /* power_animal_16.png in Resources */ = {isa = PBXBuildFile; fileRef = E994227F1A44827D0057F665 /* power_animal_16.png */; };
		E99422BE1A44827D0057F665 /* power_animal_17.png in Resources */ = {isa = PBXBuildFile; fileRef = E99422801A44827D0057F665 /* power_animal_17.png */; };
		E99422BF1A44827D0057F665 /* power_animal_18.png in Resources */ = {isa = PBXBuildFile; fileRef = E99422811A44827D0057F665 /* power_animal_18.png */; };
		E99422C01A44827D0057F665 /* cat_1.png in Resources */ = {isa = PBXBuildFile; fileRef = E99422821A44827D0057F665 /* cat_1.png */; };
		E99422C11A44827D0057F665 /* cat_2.png in Resources */ = {isa = PBXBuildFile; fileRef = E99422831A44827D0057F665 /* cat_2.png */; };
		E99422C21A44827D0057F665 /* cat_3.png in Resources */ = {isa = PBXBuildFile; fileRef = E99422841A44827D0057F665 /* cat_3.png */; };
		E99422C31A44827D0057F665 /* cat_4.png in Resources */ = {isa = PBXBuildFile; fileRef = E99422851A44827D0057F665 /* cat_4.png */; };
		E99422C61A47627C0057F665 /* hand_heart.png in Resources */ = {isa = PBXBuildFile; fileRef = E99422C41A47627C0057F665 /* hand_heart.png */; };
		E99422C71A47627C0057F665 /* vera_and_fred.png in Resources */ = {isa = PBXBuildFile; fileRef = E99422C51A47627C0057F665 /* vera_and_fred.png */; };
		E99422D01A4889230057F665 /* VM_BEAST.png in Resources */ = {isa = PBXBuildFile; fileRef = E99422C81A4889230057F665 /* VM_BEAST.png */; };
		E99422D11A4889230057F665 /* VM_KITTY.png in Resources */ = {isa = PBXBuildFile; fileRef = E99422C91A4889230057F665 /* VM_KITTY.png */; };
		E99422D21A4889230057F665 /* VM_PUPPY.png in Resources */ = {isa = PBXBuildFile; fileRef = E99422CA1A4889230057F665 /* VM_PUPPY.png */; };
		E99422D31A4889230057F665 /* VM_MAN.png in Resources */ = {isa = PBXBuildFile; fileRef = E99422CB1A4889230057F665 /* VM_MAN.png */; };
		E99422D41A4889230057F665 /* VM_LADY.png in Resources */ = {isa = PBXBuildFile; fileRef = E99422CC1A4889230057F665 /* VM_LADY.png */; };
		E99422D51A4889230057F665 /* VM_PACKMAGIC.png in Resources */ = {isa = PBXBuildFile; fileRef = E99422CD1A4889230057F665 /* VM_PACKMAGIC.png */; };
		E99422D61A4889230057F665 /* VM_HANDS.png in Resources */ = {isa = PBXBuildFile; fileRef = E99422CE1A4889230057F665 /* VM_HANDS.png */; };
		E99422D71A4889230057F665 /* VM_FOLLOW.png in Resources */ = {isa = PBXBuildFile; fileRef = E99422CF1A4889230057F665 /* VM_FOLLOW.png */; };
/* End PBXBuildFile section */

/* Begin PBXContainerItemProxy section */
		942B967D19AAC846006A396B /* PBXContainerItemProxy */ = {
			isa = PBXContainerItemProxy;
			containerPortal = 942B964C19AAC846006A396B /* Project object */;
			proxyType = 1;
			remoteGlobalIDString = 942B965319AAC846006A396B;
			remoteInfo = "VeraMeat Play";
		};
/* End PBXContainerItemProxy section */

/* Begin PBXFileReference section */
		942B965419AAC846006A396B /* VeraMeat Play.app */ = {isa = PBXFileReference; explicitFileType = wrapper.application; includeInIndex = 0; path = "VeraMeat Play.app"; sourceTree = BUILT_PRODUCTS_DIR; };
		942B965719AAC846006A396B /* Foundation.framework */ = {isa = PBXFileReference; lastKnownFileType = wrapper.framework; name = Foundation.framework; path = System/Library/Frameworks/Foundation.framework; sourceTree = SDKROOT; };
		942B965919AAC846006A396B /* CoreGraphics.framework */ = {isa = PBXFileReference; lastKnownFileType = wrapper.framework; name = CoreGraphics.framework; path = System/Library/Frameworks/CoreGraphics.framework; sourceTree = SDKROOT; };
		942B965B19AAC846006A396B /* UIKit.framework */ = {isa = PBXFileReference; lastKnownFileType = wrapper.framework; name = UIKit.framework; path = System/Library/Frameworks/UIKit.framework; sourceTree = SDKROOT; };
		942B965F19AAC846006A396B /* VeraMeat Play-Info.plist */ = {isa = PBXFileReference; lastKnownFileType = text.plist.xml; path = "VeraMeat Play-Info.plist"; sourceTree = "<group>"; };
		942B966119AAC846006A396B /* en */ = {isa = PBXFileReference; lastKnownFileType = text.plist.strings; name = en; path = en.lproj/InfoPlist.strings; sourceTree = "<group>"; };
		942B966319AAC846006A396B /* main.m */ = {isa = PBXFileReference; lastKnownFileType = sourcecode.c.objc; path = main.m; sourceTree = "<group>"; };
		942B966519AAC846006A396B /* VeraMeat Play-Prefix.pch */ = {isa = PBXFileReference; lastKnownFileType = sourcecode.c.h; path = "VeraMeat Play-Prefix.pch"; sourceTree = "<group>"; };
		942B966619AAC846006A396B /* VMAppDelegate.h */ = {isa = PBXFileReference; lastKnownFileType = sourcecode.c.h; path = VMAppDelegate.h; sourceTree = "<group>"; };
		942B966719AAC846006A396B /* VMAppDelegate.m */ = {isa = PBXFileReference; lastKnownFileType = sourcecode.c.objc; path = VMAppDelegate.m; sourceTree = "<group>"; };
		942B967219AAC846006A396B /* Images.xcassets */ = {isa = PBXFileReference; lastKnownFileType = folder.assetcatalog; path = Images.xcassets; sourceTree = "<group>"; };
		942B967819AAC846006A396B /* VeraMeat PlayTests.xctest */ = {isa = PBXFileReference; explicitFileType = wrapper.cfbundle; includeInIndex = 0; path = "VeraMeat PlayTests.xctest"; sourceTree = BUILT_PRODUCTS_DIR; };
		942B967919AAC846006A396B /* XCTest.framework */ = {isa = PBXFileReference; lastKnownFileType = wrapper.framework; name = XCTest.framework; path = Library/Frameworks/XCTest.framework; sourceTree = DEVELOPER_DIR; };
		942B968119AAC846006A396B /* VeraMeat PlayTests-Info.plist */ = {isa = PBXFileReference; lastKnownFileType = text.plist.xml; path = "VeraMeat PlayTests-Info.plist"; sourceTree = "<group>"; };
		942B968319AAC846006A396B /* en */ = {isa = PBXFileReference; lastKnownFileType = text.plist.strings; name = en; path = en.lproj/InfoPlist.strings; sourceTree = "<group>"; };
		942B968519AAC846006A396B /* VeraMeat_PlayTests.m */ = {isa = PBXFileReference; lastKnownFileType = sourcecode.c.objc; path = VeraMeat_PlayTests.m; sourceTree = "<group>"; };
		942B968F19AAC8A5006A396B /* VMGridViewController.h */ = {isa = PBXFileReference; fileEncoding = 4; lastKnownFileType = sourcecode.c.h; path = VMGridViewController.h; sourceTree = "<group>"; };
		942B969019AAC8A5006A396B /* VMGridViewController.m */ = {isa = PBXFileReference; fileEncoding = 4; lastKnownFileType = sourcecode.c.objc; path = VMGridViewController.m; sourceTree = "<group>"; };
		942B969219AAC9AC006A396B /* VMGridViewCell.h */ = {isa = PBXFileReference; fileEncoding = 4; lastKnownFileType = sourcecode.c.h; path = VMGridViewCell.h; sourceTree = "<group>"; };
		942B969319AAC9AC006A396B /* VMGridViewCell.m */ = {isa = PBXFileReference; fileEncoding = 4; lastKnownFileType = sourcecode.c.objc; path = VMGridViewCell.m; sourceTree = "<group>"; };
		942B971119AACF11006A396B /* Storyboard.storyboard */ = {isa = PBXFileReference; fileEncoding = 4; lastKnownFileType = file.storyboard; path = Storyboard.storyboard; sourceTree = "<group>"; };
		948616A519B4FC2F00B3D4AB /* dog_21.png */ = {isa = PBXFileReference; lastKnownFileType = image.png; path = dog_21.png; sourceTree = "<group>"; };
		948616A619B4FC2F00B3D4AB /* dog_22.png */ = {isa = PBXFileReference; lastKnownFileType = image.png; path = dog_22.png; sourceTree = "<group>"; };
		948616A719B4FC2F00B3D4AB /* dog_23.png */ = {isa = PBXFileReference; lastKnownFileType = image.png; path = dog_23.png; sourceTree = "<group>"; };
		948616A819B4FC2F00B3D4AB /* dog_24.png */ = {isa = PBXFileReference; lastKnownFileType = image.png; path = dog_24.png; sourceTree = "<group>"; };
		948616A919B4FC2F00B3D4AB /* dog_25.png */ = {isa = PBXFileReference; lastKnownFileType = image.png; path = dog_25.png; sourceTree = "<group>"; };
		948616AF19B4FCA700B3D4AB /* cat_16.png */ = {isa = PBXFileReference; lastKnownFileType = image.png; path = cat_16.png; sourceTree = "<group>"; };
		948616B019B4FCA700B3D4AB /* cat_17.png */ = {isa = PBXFileReference; lastKnownFileType = image.png; path = cat_17.png; sourceTree = "<group>"; };
		948616B119B4FCA700B3D4AB /* cat_18.png */ = {isa = PBXFileReference; lastKnownFileType = image.png; path = cat_18.png; sourceTree = "<group>"; };
		948616B219B4FCA700B3D4AB /* cat_19.png */ = {isa = PBXFileReference; lastKnownFileType = image.png; path = cat_19.png; sourceTree = "<group>"; };
		948616B319B4FCA700B3D4AB /* cat_20.png */ = {isa = PBXFileReference; lastKnownFileType = image.png; path = cat_20.png; sourceTree = "<group>"; };
		948616B419B4FCA700B3D4AB /* cat_21.png */ = {isa = PBXFileReference; lastKnownFileType = image.png; path = cat_21.png; sourceTree = "<group>"; };
		948616B519B4FCA700B3D4AB /* cat_22.png */ = {isa = PBXFileReference; lastKnownFileType = image.png; path = cat_22.png; sourceTree = "<group>"; };
		948616B619B4FCA700B3D4AB /* cat_23.png */ = {isa = PBXFileReference; lastKnownFileType = image.png; path = cat_23.png; sourceTree = "<group>"; };
		948616B719B4FCA700B3D4AB /* cat_24.png */ = {isa = PBXFileReference; lastKnownFileType = image.png; path = cat_24.png; sourceTree = "<group>"; };
		948616B819B4FCA700B3D4AB /* cat_25.png */ = {isa = PBXFileReference; lastKnownFileType = image.png; path = cat_25.png; sourceTree = "<group>"; };
		948616C319B4FE4100B3D4AB /* dog_13.png */ = {isa = PBXFileReference; lastKnownFileType = image.png; path = dog_13.png; sourceTree = "<group>"; };
		948616C419B4FE4100B3D4AB /* dog_14.png */ = {isa = PBXFileReference; lastKnownFileType = image.png; path = dog_14.png; sourceTree = "<group>"; };
		948616C519B4FE4100B3D4AB /* dog_15.png */ = {isa = PBXFileReference; lastKnownFileType = image.png; path = dog_15.png; sourceTree = "<group>"; };
		948616C619B4FE4100B3D4AB /* dog_16.png */ = {isa = PBXFileReference; lastKnownFileType = image.png; path = dog_16.png; sourceTree = "<group>"; };
		948616C719B4FE4100B3D4AB /* dog_17.png */ = {isa = PBXFileReference; lastKnownFileType = image.png; path = dog_17.png; sourceTree = "<group>"; };
		948616C819B4FE4100B3D4AB /* dog_18.png */ = {isa = PBXFileReference; lastKnownFileType = image.png; path = dog_18.png; sourceTree = "<group>"; };
		948616C919B4FE4100B3D4AB /* dog_19.png */ = {isa = PBXFileReference; lastKnownFileType = image.png; path = dog_19.png; sourceTree = "<group>"; };
		948616CA19B4FE4100B3D4AB /* dog_20.png */ = {isa = PBXFileReference; lastKnownFileType = image.png; path = dog_20.png; sourceTree = "<group>"; };
		E99422481A44827D0057F665 /* back_card_cat.png */ = {isa = PBXFileReference; lastKnownFileType = image.png; name = back_card_cat.png; path = "../../../Downloads/VeraMeat Play 2/VeraMeat Play/Assets/back_card_cat.png"; sourceTree = "<group>"; };
		E99422491A44827D0057F665 /* back_card_dog.png */ = {isa = PBXFileReference; lastKnownFileType = image.png; name = back_card_dog.png; path = "../../../Downloads/VeraMeat Play 2/VeraMeat Play/Assets/back_card_dog.png"; sourceTree = "<group>"; };
		E994224A1A44827D0057F665 /* back_card_man1.png */ = {isa = PBXFileReference; lastKnownFileType = image.png; name = back_card_man1.png; path = "../../../Downloads/VeraMeat Play 2/VeraMeat Play/Assets/back_card_man1.png"; sourceTree = "<group>"; };
		E994224B1A44827D0057F665 /* back_card_man2.png */ = {isa = PBXFileReference; lastKnownFileType = image.png; name = back_card_man2.png; path = "../../../Downloads/VeraMeat Play 2/VeraMeat Play/Assets/back_card_man2.png"; sourceTree = "<group>"; };
		E994224C1A44827D0057F665 /* cat_5.png */ = {isa = PBXFileReference; lastKnownFileType = image.png; name = cat_5.png; path = "../../../Downloads/VeraMeat Play 2/VeraMeat Play/Assets/cat_5.png"; sourceTree = "<group>"; };
		E994224D1A44827D0057F665 /* cat_6.png */ = {isa = PBXFileReference; lastKnownFileType = image.png; name = cat_6.png; path = "../../../Downloads/VeraMeat Play 2/VeraMeat Play/Assets/cat_6.png"; sourceTree = "<group>"; };
		E994224E1A44827D0057F665 /* cat_7.png */ = {isa = PBXFileReference; lastKnownFileType = image.png; name = cat_7.png; path = "../../../Downloads/VeraMeat Play 2/VeraMeat Play/Assets/cat_7.png"; sourceTree = "<group>"; };
		E994224F1A44827D0057F665 /* cat_8.png */ = {isa = PBXFileReference; lastKnownFileType = image.png; name = cat_8.png; path = "../../../Downloads/VeraMeat Play 2/VeraMeat Play/Assets/cat_8.png"; sourceTree = "<group>"; };
		E99422501A44827D0057F665 /* cat_9.png */ = {isa = PBXFileReference; lastKnownFileType = image.png; name = cat_9.png; path = "../../../Downloads/VeraMeat Play 2/VeraMeat Play/Assets/cat_9.png"; sourceTree = "<group>"; };
		E99422511A44827D0057F665 /* cat_10.png */ = {isa = PBXFileReference; lastKnownFileType = image.png; name = cat_10.png; path = "../../../Downloads/VeraMeat Play 2/VeraMeat Play/Assets/cat_10.png"; sourceTree = "<group>"; };
		E99422521A44827D0057F665 /* cat_11.png */ = {isa = PBXFileReference; lastKnownFileType = image.png; name = cat_11.png; path = "../../../Downloads/VeraMeat Play 2/VeraMeat Play/Assets/cat_11.png"; sourceTree = "<group>"; };
		E99422531A44827D0057F665 /* cat_12.png */ = {isa = PBXFileReference; lastKnownFileType = image.png; name = cat_12.png; path = "../../../Downloads/VeraMeat Play 2/VeraMeat Play/Assets/cat_12.png"; sourceTree = "<group>"; };
		E99422541A44827D0057F665 /* cat_13.png */ = {isa = PBXFileReference; lastKnownFileType = image.png; name = cat_13.png; path = "../../../Downloads/VeraMeat Play 2/VeraMeat Play/Assets/cat_13.png"; sourceTree = "<group>"; };
		E99422551A44827D0057F665 /* cat_14.png */ = {isa = PBXFileReference; lastKnownFileType = image.png; name = cat_14.png; path = "../../../Downloads/VeraMeat Play 2/VeraMeat Play/Assets/cat_14.png"; sourceTree = "<group>"; };
		E99422561A44827D0057F665 /* cat_15.png */ = {isa = PBXFileReference; lastKnownFileType = image.png; name = cat_15.png; path = "../../../Downloads/VeraMeat Play 2/VeraMeat Play/Assets/cat_15.png"; sourceTree = "<group>"; };
		E99422571A44827D0057F665 /* dog_1.png */ = {isa = PBXFileReference; lastKnownFileType = image.png; name = dog_1.png; path = "../../../Downloads/VeraMeat Play 2/VeraMeat Play/Assets/dog_1.png"; sourceTree = "<group>"; };
		E99422581A44827D0057F665 /* dog_2.png */ = {isa = PBXFileReference; lastKnownFileType = image.png; name = dog_2.png; path = "../../../Downloads/VeraMeat Play 2/VeraMeat Play/Assets/dog_2.png"; sourceTree = "<group>"; };
		E99422591A44827D0057F665 /* dog_3.png */ = {isa = PBXFileReference; lastKnownFileType = image.png; name = dog_3.png; path = "../../../Downloads/VeraMeat Play 2/VeraMeat Play/Assets/dog_3.png"; sourceTree = "<group>"; };
		E994225A1A44827D0057F665 /* dog_4.png */ = {isa = PBXFileReference; lastKnownFileType = image.png; name = dog_4.png; path = "../../../Downloads/VeraMeat Play 2/VeraMeat Play/Assets/dog_4.png"; sourceTree = "<group>"; };
		E994225B1A44827D0057F665 /* dog_5.png */ = {isa = PBXFileReference; lastKnownFileType = image.png; name = dog_5.png; path = "../../../Downloads/VeraMeat Play 2/VeraMeat Play/Assets/dog_5.png"; sourceTree = "<group>"; };
		E994225C1A44827D0057F665 /* dog_6.png */ = {isa = PBXFileReference; lastKnownFileType = image.png; name = dog_6.png; path = "../../../Downloads/VeraMeat Play 2/VeraMeat Play/Assets/dog_6.png"; sourceTree = "<group>"; };
		E994225D1A44827D0057F665 /* dog_7.png */ = {isa = PBXFileReference; lastKnownFileType = image.png; name = dog_7.png; path = "../../../Downloads/VeraMeat Play 2/VeraMeat Play/Assets/dog_7.png"; sourceTree = "<group>"; };
		E994225E1A44827D0057F665 /* dog_8.png */ = {isa = PBXFileReference; lastKnownFileType = image.png; name = dog_8.png; path = "../../../Downloads/VeraMeat Play 2/VeraMeat Play/Assets/dog_8.png"; sourceTree = "<group>"; };
		E994225F1A44827D0057F665 /* dog_9.png */ = {isa = PBXFileReference; lastKnownFileType = image.png; name = dog_9.png; path = "../../../Downloads/VeraMeat Play 2/VeraMeat Play/Assets/dog_9.png"; sourceTree = "<group>"; };
		E99422601A44827D0057F665 /* dog_10.png */ = {isa = PBXFileReference; lastKnownFileType = image.png; name = dog_10.png; path = "../../../Downloads/VeraMeat Play 2/VeraMeat Play/Assets/dog_10.png"; sourceTree = "<group>"; };
		E99422611A44827D0057F665 /* dog_11.png */ = {isa = PBXFileReference; lastKnownFileType = image.png; name = dog_11.png; path = "../../../Downloads/VeraMeat Play 2/VeraMeat Play/Assets/dog_11.png"; sourceTree = "<group>"; };
		E99422621A44827D0057F665 /* dog_12.png */ = {isa = PBXFileReference; lastKnownFileType = image.png; name = dog_12.png; path = "../../../Downloads/VeraMeat Play 2/VeraMeat Play/Assets/dog_12.png"; sourceTree = "<group>"; };
		E99422631A44827D0057F665 /* man_1.png */ = {isa = PBXFileReference; lastKnownFileType = image.png; name = man_1.png; path = "../../../Downloads/VeraMeat Play 2/VeraMeat Play/Assets/man_1.png"; sourceTree = "<group>"; };
		E99422641A44827D0057F665 /* man_2.png */ = {isa = PBXFileReference; lastKnownFileType = image.png; name = man_2.png; path = "../../../Downloads/VeraMeat Play 2/VeraMeat Play/Assets/man_2.png"; sourceTree = "<group>"; };
		E99422651A44827D0057F665 /* man_3.png */ = {isa = PBXFileReference; lastKnownFileType = image.png; name = man_3.png; path = "../../../Downloads/VeraMeat Play 2/VeraMeat Play/Assets/man_3.png"; sourceTree = "<group>"; };
		E99422661A44827D0057F665 /* man_4.png */ = {isa = PBXFileReference; lastKnownFileType = image.png; name = man_4.png; path = "../../../Downloads/VeraMeat Play 2/VeraMeat Play/Assets/man_4.png"; sourceTree = "<group>"; };
		E99422671A44827D0057F665 /* man_5.png */ = {isa = PBXFileReference; lastKnownFileType = image.png; name = man_5.png; path = "../../../Downloads/VeraMeat Play 2/VeraMeat Play/Assets/man_5.png"; sourceTree = "<group>"; };
		E99422681A44827D0057F665 /* man_6.png */ = {isa = PBXFileReference; lastKnownFileType = image.png; name = man_6.png; path = "../../../Downloads/VeraMeat Play 2/VeraMeat Play/Assets/man_6.png"; sourceTree = "<group>"; };
		E99422691A44827D0057F665 /* man_7.png */ = {isa = PBXFileReference; lastKnownFileType = image.png; name = man_7.png; path = "../../../Downloads/VeraMeat Play 2/VeraMeat Play/Assets/man_7.png"; sourceTree = "<group>"; };
		E994226A1A44827D0057F665 /* man_8.png */ = {isa = PBXFileReference; lastKnownFileType = image.png; name = man_8.png; path = "../../../Downloads/VeraMeat Play 2/VeraMeat Play/Assets/man_8.png"; sourceTree = "<group>"; };
		E994226B1A44827D0057F665 /* man_9.png */ = {isa = PBXFileReference; lastKnownFileType = image.png; name = man_9.png; path = "../../../Downloads/VeraMeat Play 2/VeraMeat Play/Assets/man_9.png"; sourceTree = "<group>"; };
		E994226C1A44827D0057F665 /* man_10.png */ = {isa = PBXFileReference; lastKnownFileType = image.png; name = man_10.png; path = "../../../Downloads/VeraMeat Play 2/VeraMeat Play/Assets/man_10.png"; sourceTree = "<group>"; };
		E994226D1A44827D0057F665 /* man_11.png */ = {isa = PBXFileReference; lastKnownFileType = image.png; name = man_11.png; path = "../../../Downloads/VeraMeat Play 2/VeraMeat Play/Assets/man_11.png"; sourceTree = "<group>"; };
		E994226E1A44827D0057F665 /* man_12.png */ = {isa = PBXFileReference; lastKnownFileType = image.png; name = man_12.png; path = "../../../Downloads/VeraMeat Play 2/VeraMeat Play/Assets/man_12.png"; sourceTree = "<group>"; };
		E994226F1A44827D0057F665 /* man_13.png */ = {isa = PBXFileReference; lastKnownFileType = image.png; name = man_13.png; path = "../../../Downloads/VeraMeat Play 2/VeraMeat Play/Assets/man_13.png"; sourceTree = "<group>"; };
		E99422701A44827D0057F665 /* power_animal_1.png */ = {isa = PBXFileReference; lastKnownFileType = image.png; name = power_animal_1.png; path = "../../../Downloads/VeraMeat Play 2/VeraMeat Play/Assets/power_animal_1.png"; sourceTree = "<group>"; };
		E99422711A44827D0057F665 /* power_animal_2.png */ = {isa = PBXFileReference; lastKnownFileType = image.png; name = power_animal_2.png; path = "../../../Downloads/VeraMeat Play 2/VeraMeat Play/Assets/power_animal_2.png"; sourceTree = "<group>"; };
		E99422721A44827D0057F665 /* power_animal_3.png */ = {isa = PBXFileReference; lastKnownFileType = image.png; name = power_animal_3.png; path = "../../../Downloads/VeraMeat Play 2/VeraMeat Play/Assets/power_animal_3.png"; sourceTree = "<group>"; };
		E99422731A44827D0057F665 /* power_animal_4.png */ = {isa = PBXFileReference; lastKnownFileType = image.png; name = power_animal_4.png; path = "../../../Downloads/VeraMeat Play 2/VeraMeat Play/Assets/power_animal_4.png"; sourceTree = "<group>"; };
		E99422741A44827D0057F665 /* power_animal_5.png */ = {isa = PBXFileReference; lastKnownFileType = image.png; name = power_animal_5.png; path = "../../../Downloads/VeraMeat Play 2/VeraMeat Play/Assets/power_animal_5.png"; sourceTree = "<group>"; };
		E99422751A44827D0057F665 /* power_animal_6.png */ = {isa = PBXFileReference; lastKnownFileType = image.png; name = power_animal_6.png; path = "../../../Downloads/VeraMeat Play 2/VeraMeat Play/Assets/power_animal_6.png"; sourceTree = "<group>"; };
		E99422761A44827D0057F665 /* power_animal_7.png */ = {isa = PBXFileReference; lastKnownFileType = image.png; name = power_animal_7.png; path = "../../../Downloads/VeraMeat Play 2/VeraMeat Play/Assets/power_animal_7.png"; sourceTree = "<group>"; };
		E99422771A44827D0057F665 /* power_animal_8.png */ = {isa = PBXFileReference; lastKnownFileType = image.png; name = power_animal_8.png; path = "../../../Downloads/VeraMeat Play 2/VeraMeat Play/Assets/power_animal_8.png"; sourceTree = "<group>"; };
		E99422781A44827D0057F665 /* power_animal_9.png */ = {isa = PBXFileReference; lastKnownFileType = image.png; name = power_animal_9.png; path = "../../../Downloads/VeraMeat Play 2/VeraMeat Play/Assets/power_animal_9.png"; sourceTree = "<group>"; };
		E99422791A44827D0057F665 /* power_animal_10.png */ = {isa = PBXFileReference; lastKnownFileType = image.png; name = power_animal_10.png; path = "../../../Downloads/VeraMeat Play 2/VeraMeat Play/Assets/power_animal_10.png"; sourceTree = "<group>"; };
		E994227A1A44827D0057F665 /* power_animal_11.png */ = {isa = PBXFileReference; lastKnownFileType = image.png; name = power_animal_11.png; path = "../../../Downloads/VeraMeat Play 2/VeraMeat Play/Assets/power_animal_11.png"; sourceTree = "<group>"; };
		E994227B1A44827D0057F665 /* power_animal_12.png */ = {isa = PBXFileReference; lastKnownFileType = image.png; name = power_animal_12.png; path = "../../../Downloads/VeraMeat Play 2/VeraMeat Play/Assets/power_animal_12.png"; sourceTree = "<group>"; };
		E994227C1A44827D0057F665 /* power_animal_13.png */ = {isa = PBXFileReference; lastKnownFileType = image.png; name = power_animal_13.png; path = "../../../Downloads/VeraMeat Play 2/VeraMeat Play/Assets/power_animal_13.png"; sourceTree = "<group>"; };
		E994227D1A44827D0057F665 /* power_animal_14.png */ = {isa = PBXFileReference; lastKnownFileType = image.png; name = power_animal_14.png; path = "../../../Downloads/VeraMeat Play 2/VeraMeat Play/Assets/power_animal_14.png"; sourceTree = "<group>"; };
		E994227E1A44827D0057F665 /* power_animal_15.png */ = {isa = PBXFileReference; lastKnownFileType = image.png; name = power_animal_15.png; path = "../../../Downloads/VeraMeat Play 2/VeraMeat Play/Assets/power_animal_15.png"; sourceTree = "<group>"; };
		E994227F1A44827D0057F665 /* power_animal_16.png */ = {isa = PBXFileReference; lastKnownFileType = image.png; name = power_animal_16.png; path = "../../../Downloads/VeraMeat Play 2/VeraMeat Play/Assets/power_animal_16.png"; sourceTree = "<group>"; };
		E99422801A44827D0057F665 /* power_animal_17.png */ = {isa = PBXFileReference; lastKnownFileType = image.png; name = power_animal_17.png; path = "../../../Downloads/VeraMeat Play 2/VeraMeat Play/Assets/power_animal_17.png"; sourceTree = "<group>"; };
		E99422811A44827D0057F665 /* power_animal_18.png */ = {isa = PBXFileReference; lastKnownFileType = image.png; name = power_animal_18.png; path = "../../../Downloads/VeraMeat Play 2/VeraMeat Play/Assets/power_animal_18.png"; sourceTree = "<group>"; };
		E99422821A44827D0057F665 /* cat_1.png */ = {isa = PBXFileReference; lastKnownFileType = image.png; name = cat_1.png; path = "../../../Downloads/VeraMeat Play 2/VeraMeat Play/Assets/cat_1.png"; sourceTree = "<group>"; };
		E99422831A44827D0057F665 /* cat_2.png */ = {isa = PBXFileReference; lastKnownFileType = image.png; name = cat_2.png; path = "../../../Downloads/VeraMeat Play 2/VeraMeat Play/Assets/cat_2.png"; sourceTree = "<group>"; };
		E99422841A44827D0057F665 /* cat_3.png */ = {isa = PBXFileReference; lastKnownFileType = image.png; name = cat_3.png; path = "../../../Downloads/VeraMeat Play 2/VeraMeat Play/Assets/cat_3.png"; sourceTree = "<group>"; };
		E99422851A44827D0057F665 /* cat_4.png */ = {isa = PBXFileReference; lastKnownFileType = image.png; name = cat_4.png; path = "../../../Downloads/VeraMeat Play 2/VeraMeat Play/Assets/cat_4.png"; sourceTree = "<group>"; };
		E99422C41A47627C0057F665 /* hand_heart.png */ = {isa = PBXFileReference; lastKnownFileType = image.png; name = hand_heart.png; path = ../../../Downloads/Archive/EXTRA/hand_heart.png; sourceTree = "<group>"; };
		E99422C51A47627C0057F665 /* vera_and_fred.png */ = {isa = PBXFileReference; lastKnownFileType = image.png; name = vera_and_fred.png; path = ../../../Downloads/Archive/EXTRA/vera_and_fred.png; sourceTree = "<group>"; };
		E99422C81A4889230057F665 /* VM_BEAST.png */ = {isa = PBXFileReference; lastKnownFileType = image.png; name = VM_BEAST.png; path = ../../VM_Images/VM_BEAST.png; sourceTree = "<group>"; };
		E99422C91A4889230057F665 /* VM_KITTY.png */ = {isa = PBXFileReference; lastKnownFileType = image.png; name = VM_KITTY.png; path = ../../VM_Images/VM_KITTY.png; sourceTree = "<group>"; };
		E99422CA1A4889230057F665 /* VM_PUPPY.png */ = {isa = PBXFileReference; lastKnownFileType = image.png; name = VM_PUPPY.png; path = ../../VM_Images/VM_PUPPY.png; sourceTree = "<group>"; };
		E99422CB1A4889230057F665 /* VM_MAN.png */ = {isa = PBXFileReference; lastKnownFileType = image.png; name = VM_MAN.png; path = ../../VM_Images/VM_MAN.png; sourceTree = "<group>"; };
		E99422CC1A4889230057F665 /* VM_LADY.png */ = {isa = PBXFileReference; lastKnownFileType = image.png; name = VM_LADY.png; path = ../../VM_Images/VM_LADY.png; sourceTree = "<group>"; };
		E99422CD1A4889230057F665 /* VM_PACKMAGIC.png */ = {isa = PBXFileReference; lastKnownFileType = image.png; name = VM_PACKMAGIC.png; path = ../../VM_Images/VM_PACKMAGIC.png; sourceTree = "<group>"; };
		E99422CE1A4889230057F665 /* VM_HANDS.png */ = {isa = PBXFileReference; lastKnownFileType = image.png; name = VM_HANDS.png; path = ../../VM_Images/VM_HANDS.png; sourceTree = "<group>"; };
		E99422CF1A4889230057F665 /* VM_FOLLOW.png */ = {isa = PBXFileReference; lastKnownFileType = image.png; name = VM_FOLLOW.png; path = ../../VM_Images/VM_FOLLOW.png; sourceTree = "<group>"; };
/* End PBXFileReference section */

/* Begin PBXFrameworksBuildPhase section */
		942B965119AAC846006A396B /* Frameworks */ = {
			isa = PBXFrameworksBuildPhase;
			buildActionMask = 2147483647;
			files = (
				942B965A19AAC846006A396B /* CoreGraphics.framework in Frameworks */,
				942B965C19AAC846006A396B /* UIKit.framework in Frameworks */,
				942B965819AAC846006A396B /* Foundation.framework in Frameworks */,
			);
			runOnlyForDeploymentPostprocessing = 0;
		};
		942B967519AAC846006A396B /* Frameworks */ = {
			isa = PBXFrameworksBuildPhase;
			buildActionMask = 2147483647;
			files = (
				942B967A19AAC846006A396B /* XCTest.framework in Frameworks */,
				942B967C19AAC846006A396B /* UIKit.framework in Frameworks */,
				942B967B19AAC846006A396B /* Foundation.framework in Frameworks */,
			);
			runOnlyForDeploymentPostprocessing = 0;
		};
/* End PBXFrameworksBuildPhase section */

/* Begin PBXGroup section */
		942B964B19AAC846006A396B = {
			isa = PBXGroup;
			children = (
				942B965D19AAC846006A396B /* VeraMeat Play */,
				942B967F19AAC846006A396B /* VeraMeat PlayTests */,
				942B965619AAC846006A396B /* Frameworks */,
				942B965519AAC846006A396B /* Products */,
			);
			sourceTree = "<group>";
		};
		942B965519AAC846006A396B /* Products */ = {
			isa = PBXGroup;
			children = (
				942B965419AAC846006A396B /* VeraMeat Play.app */,
				942B967819AAC846006A396B /* VeraMeat PlayTests.xctest */,
			);
			name = Products;
			sourceTree = "<group>";
		};
		942B965619AAC846006A396B /* Frameworks */ = {
			isa = PBXGroup;
			children = (
				942B965719AAC846006A396B /* Foundation.framework */,
				942B965919AAC846006A396B /* CoreGraphics.framework */,
				942B965B19AAC846006A396B /* UIKit.framework */,
				942B967919AAC846006A396B /* XCTest.framework */,
			);
			name = Frameworks;
			sourceTree = "<group>";
		};
		942B965D19AAC846006A396B /* VeraMeat Play */ = {
			isa = PBXGroup;
			children = (
				942B966619AAC846006A396B /* VMAppDelegate.h */,
				942B966719AAC846006A396B /* VMAppDelegate.m */,
				942B971119AACF11006A396B /* Storyboard.storyboard */,
				942B968F19AAC8A5006A396B /* VMGridViewController.h */,
				942B969019AAC8A5006A396B /* VMGridViewController.m */,
				942B969219AAC9AC006A396B /* VMGridViewCell.h */,
				942B969319AAC9AC006A396B /* VMGridViewCell.m */,
				942B967219AAC846006A396B /* Images.xcassets */,
				942B965E19AAC846006A396B /* Supporting Files */,
			);
			path = "VeraMeat Play";
			sourceTree = "<group>";
		};
		942B965E19AAC846006A396B /* Supporting Files */ = {
			isa = PBXGroup;
			children = (
				E99422C81A4889230057F665 /* VM_BEAST.png */,
				E99422C91A4889230057F665 /* VM_KITTY.png */,
				E99422CA1A4889230057F665 /* VM_PUPPY.png */,
				E99422CB1A4889230057F665 /* VM_MAN.png */,
				E99422CC1A4889230057F665 /* VM_LADY.png */,
				E99422CD1A4889230057F665 /* VM_PACKMAGIC.png */,
				E99422CE1A4889230057F665 /* VM_HANDS.png */,
				E99422CF1A4889230057F665 /* VM_FOLLOW.png */,
				E99422C41A47627C0057F665 /* hand_heart.png */,
				E99422C51A47627C0057F665 /* vera_and_fred.png */,
				E99422481A44827D0057F665 /* back_card_cat.png */,
				E99422491A44827D0057F665 /* back_card_dog.png */,
				E994224A1A44827D0057F665 /* back_card_man1.png */,
				E994224B1A44827D0057F665 /* back_card_man2.png */,
				E994224C1A44827D0057F665 /* cat_5.png */,
				E994224D1A44827D0057F665 /* cat_6.png */,
				E994224E1A44827D0057F665 /* cat_7.png */,
				E994224F1A44827D0057F665 /* cat_8.png */,
				E99422501A44827D0057F665 /* cat_9.png */,
				E99422511A44827D0057F665 /* cat_10.png */,
				E99422521A44827D0057F665 /* cat_11.png */,
				E99422531A44827D0057F665 /* cat_12.png */,
				E99422541A44827D0057F665 /* cat_13.png */,
				E99422551A44827D0057F665 /* cat_14.png */,
				E99422561A44827D0057F665 /* cat_15.png */,
				E99422571A44827D0057F665 /* dog_1.png */,
				E99422581A44827D0057F665 /* dog_2.png */,
				E99422591A44827D0057F665 /* dog_3.png */,
				E994225A1A44827D0057F665 /* dog_4.png */,
				E994225B1A44827D0057F665 /* dog_5.png */,
				E994225C1A44827D0057F665 /* dog_6.png */,
				E994225D1A44827D0057F665 /* dog_7.png */,
				E994225E1A44827D0057F665 /* dog_8.png */,
				E994225F1A44827D0057F665 /* dog_9.png */,
				E99422601A44827D0057F665 /* dog_10.png */,
				E99422611A44827D0057F665 /* dog_11.png */,
				E99422621A44827D0057F665 /* dog_12.png */,
				E99422631A44827D0057F665 /* man_1.png */,
				E99422641A44827D0057F665 /* man_2.png */,
				E99422651A44827D0057F665 /* man_3.png */,
				E99422661A44827D0057F665 /* man_4.png */,
				E99422671A44827D0057F665 /* man_5.png */,
				E99422681A44827D0057F665 /* man_6.png */,
				E99422691A44827D0057F665 /* man_7.png */,
				E994226A1A44827D0057F665 /* man_8.png */,
				E994226B1A44827D0057F665 /* man_9.png */,
				E994226C1A44827D0057F665 /* man_10.png */,
				E994226D1A44827D0057F665 /* man_11.png */,
				E994226E1A44827D0057F665 /* man_12.png */,
				E994226F1A44827D0057F665 /* man_13.png */,
				E99422701A44827D0057F665 /* power_animal_1.png */,
				E99422711A44827D0057F665 /* power_animal_2.png */,
				E99422721A44827D0057F665 /* power_animal_3.png */,
				E99422731A44827D0057F665 /* power_animal_4.png */,
				E99422741A44827D0057F665 /* power_animal_5.png */,
				E99422751A44827D0057F665 /* power_animal_6.png */,
				E99422761A44827D0057F665 /* power_animal_7.png */,
				E99422771A44827D0057F665 /* power_animal_8.png */,
				E99422781A44827D0057F665 /* power_animal_9.png */,
				E99422791A44827D0057F665 /* power_animal_10.png */,
				E994227A1A44827D0057F665 /* power_animal_11.png */,
				E994227B1A44827D0057F665 /* power_animal_12.png */,
				E994227C1A44827D0057F665 /* power_animal_13.png */,
				E994227D1A44827D0057F665 /* power_animal_14.png */,
				E994227E1A44827D0057F665 /* power_animal_15.png */,
				E994227F1A44827D0057F665 /* power_animal_16.png */,
				E99422801A44827D0057F665 /* power_animal_17.png */,
				E99422811A44827D0057F665 /* power_animal_18.png */,
				E99422821A44827D0057F665 /* cat_1.png */,
				E99422831A44827D0057F665 /* cat_2.png */,
				E99422841A44827D0057F665 /* cat_3.png */,
				E99422851A44827D0057F665 /* cat_4.png */,
				948616AF19B4FCA700B3D4AB /* cat_16.png */,
				948616B019B4FCA700B3D4AB /* cat_17.png */,
				948616B119B4FCA700B3D4AB /* cat_18.png */,
				948616B219B4FCA700B3D4AB /* cat_19.png */,
				948616B319B4FCA700B3D4AB /* cat_20.png */,
				948616B419B4FCA700B3D4AB /* cat_21.png */,
				948616B519B4FCA700B3D4AB /* cat_22.png */,
				948616B619B4FCA700B3D4AB /* cat_23.png */,
				948616B719B4FCA700B3D4AB /* cat_24.png */,
				948616B819B4FCA700B3D4AB /* cat_25.png */,
				948616C319B4FE4100B3D4AB /* dog_13.png */,
				948616C419B4FE4100B3D4AB /* dog_14.png */,
				948616C519B4FE4100B3D4AB /* dog_15.png */,
				948616C619B4FE4100B3D4AB /* dog_16.png */,
				948616C719B4FE4100B3D4AB /* dog_17.png */,
				948616C819B4FE4100B3D4AB /* dog_18.png */,
				948616C919B4FE4100B3D4AB /* dog_19.png */,
				948616CA19B4FE4100B3D4AB /* dog_20.png */,
				948616A519B4FC2F00B3D4AB /* dog_21.png */,
				948616A619B4FC2F00B3D4AB /* dog_22.png */,
				948616A719B4FC2F00B3D4AB /* dog_23.png */,
				948616A819B4FC2F00B3D4AB /* dog_24.png */,
				948616A919B4FC2F00B3D4AB /* dog_25.png */,
				942B965F19AAC846006A396B /* VeraMeat Play-Info.plist */,
				942B966019AAC846006A396B /* InfoPlist.strings */,
				942B966319AAC846006A396B /* main.m */,
				942B966519AAC846006A396B /* VeraMeat Play-Prefix.pch */,
			);
			name = "Supporting Files";
			sourceTree = "<group>";
		};
		942B967F19AAC846006A396B /* VeraMeat PlayTests */ = {
			isa = PBXGroup;
			children = (
				942B968519AAC846006A396B /* VeraMeat_PlayTests.m */,
				942B968019AAC846006A396B /* Supporting Files */,
			);
			path = "VeraMeat PlayTests";
			sourceTree = "<group>";
		};
		942B968019AAC846006A396B /* Supporting Files */ = {
			isa = PBXGroup;
			children = (
				942B968119AAC846006A396B /* VeraMeat PlayTests-Info.plist */,
				942B968219AAC846006A396B /* InfoPlist.strings */,
			);
			name = "Supporting Files";
			sourceTree = "<group>";
		};
/* End PBXGroup section */

/* Begin PBXNativeTarget section */
		942B965319AAC846006A396B /* VeraMeat Play */ = {
			isa = PBXNativeTarget;
			buildConfigurationList = 942B968919AAC846006A396B /* Build configuration list for PBXNativeTarget "VeraMeat Play" */;
			buildPhases = (
				942B965019AAC846006A396B /* Sources */,
				942B965119AAC846006A396B /* Frameworks */,
				942B965219AAC846006A396B /* Resources */,
			);
			buildRules = (
			);
			dependencies = (
			);
			name = "VeraMeat Play";
			productName = "VeraMeat Play";
			productReference = 942B965419AAC846006A396B /* VeraMeat Play.app */;
			productType = "com.apple.product-type.application";
		};
		942B967719AAC846006A396B /* VeraMeat PlayTests */ = {
			isa = PBXNativeTarget;
			buildConfigurationList = 942B968C19AAC846006A396B /* Build configuration list for PBXNativeTarget "VeraMeat PlayTests" */;
			buildPhases = (
				942B967419AAC846006A396B /* Sources */,
				942B967519AAC846006A396B /* Frameworks */,
				942B967619AAC846006A396B /* Resources */,
			);
			buildRules = (
			);
			dependencies = (
				942B967E19AAC846006A396B /* PBXTargetDependency */,
			);
			name = "VeraMeat PlayTests";
			productName = "VeraMeat PlayTests";
			productReference = 942B967819AAC846006A396B /* VeraMeat PlayTests.xctest */;
			productType = "com.apple.product-type.bundle.unit-test";
		};
/* End PBXNativeTarget section */

/* Begin PBXProject section */
		942B964C19AAC846006A396B /* Project object */ = {
			isa = PBXProject;
			attributes = {
				CLASSPREFIX = VM;
				LastUpgradeCheck = 0510;
				ORGANIZATIONNAME = VeraMeat;
				TargetAttributes = {
					942B967719AAC846006A396B = {
						TestTargetID = 942B965319AAC846006A396B;
					};
				};
			};
			buildConfigurationList = 942B964F19AAC846006A396B /* Build configuration list for PBXProject "VeraMeat Play" */;
			compatibilityVersion = "Xcode 3.2";
			developmentRegion = English;
			hasScannedForEncodings = 0;
			knownRegions = (
				en,
				Base,
			);
			mainGroup = 942B964B19AAC846006A396B;
			productRefGroup = 942B965519AAC846006A396B /* Products */;
			projectDirPath = "";
			projectRoot = "";
			targets = (
				942B965319AAC846006A396B /* VeraMeat Play */,
				942B967719AAC846006A396B /* VeraMeat PlayTests */,
			);
		};
/* End PBXProject section */

/* Begin PBXResourcesBuildPhase section */
		942B965219AAC846006A396B /* Resources */ = {
			isa = PBXResourcesBuildPhase;
			buildActionMask = 2147483647;
			files = (
				E99422BD1A44827D0057F665 /* power_animal_16.png in Resources */,
				E99422B31A44827D0057F665 /* power_animal_6.png in Resources */,
				E99422A11A44827D0057F665 /* man_1.png in Resources */,
				E99422B51A44827D0057F665 /* power_animal_8.png in Resources */,
				948616AD19B4FC2F00B3D4AB /* dog_24.png in Resources */,
				E99422D71A4889230057F665 /* VM_FOLLOW.png in Resources */,
				E99422B71A44827D0057F665 /* power_animal_10.png in Resources */,
				E99422B81A44827D0057F665 /* power_animal_11.png in Resources */,
				E99422D61A4889230057F665 /* VM_HANDS.png in Resources */,
				E99422BC1A44827D0057F665 /* power_animal_15.png in Resources */,
				E99422BE1A44827D0057F665 /* power_animal_17.png in Resources */,
				E99422A51A44827D0057F665 /* man_5.png in Resources */,
				E99422C21A44827D0057F665 /* cat_3.png in Resources */,
				E99422D41A4889230057F665 /* VM_LADY.png in Resources */,
				E99422911A44827D0057F665 /* cat_12.png in Resources */,
				E99422C71A47627C0057F665 /* vera_and_fred.png in Resources */,
				E99422921A44827D0057F665 /* cat_13.png in Resources */,
				E99422BF1A44827D0057F665 /* power_animal_18.png in Resources */,
				E994228C1A44827D0057F665 /* cat_7.png in Resources */,
				E99422C31A44827D0057F665 /* cat_4.png in Resources */,
				E99422991A44827D0057F665 /* dog_5.png in Resources */,
				E99422B61A44827D0057F665 /* power_animal_9.png in Resources */,
				E99422951A44827D0057F665 /* dog_1.png in Resources */,
				948616AC19B4FC2F00B3D4AB /* dog_23.png in Resources */,
				948616CB19B4FE4100B3D4AB /* dog_13.png in Resources */,
				E994229D1A44827D0057F665 /* dog_9.png in Resources */,
				948616B919B4FCA700B3D4AB /* cat_16.png in Resources */,
				948616CF19B4FE4100B3D4AB /* dog_17.png in Resources */,
				948616BB19B4FCA700B3D4AB /* cat_18.png in Resources */,
				E99422D11A4889230057F665 /* VM_KITTY.png in Resources */,
				948616AE19B4FC2F00B3D4AB /* dog_25.png in Resources */,
				E99422A61A44827D0057F665 /* man_6.png in Resources */,
				E99422A21A44827D0057F665 /* man_2.png in Resources */,
				948616BC19B4FCA700B3D4AB /* cat_19.png in Resources */,
				E99422A01A44827D0057F665 /* dog_12.png in Resources */,
				E99422B91A44827D0057F665 /* power_animal_12.png in Resources */,
				948616BE19B4FCA700B3D4AB /* cat_21.png in Resources */,
				E99422A31A44827D0057F665 /* man_3.png in Resources */,
				E994228B1A44827D0057F665 /* cat_6.png in Resources */,
				948616C119B4FCA700B3D4AB /* cat_24.png in Resources */,
				948616D019B4FE4100B3D4AB /* dog_18.png in Resources */,
				E99422881A44827D0057F665 /* back_card_man1.png in Resources */,
				E99422B41A44827D0057F665 /* power_animal_7.png in Resources */,
				E99422A81A44827D0057F665 /* man_8.png in Resources */,
				E994229C1A44827D0057F665 /* dog_8.png in Resources */,
				E99422C01A44827D0057F665 /* cat_1.png in Resources */,
				E994229F1A44827D0057F665 /* dog_11.png in Resources */,
				E99422961A44827D0057F665 /* dog_2.png in Resources */,
				942B967319AAC846006A396B /* Images.xcassets in Resources */,
				942B971219AACF11006A396B /* Storyboard.storyboard in Resources */,
				948616CE19B4FE4100B3D4AB /* dog_16.png in Resources */,
				E994228F1A44827D0057F665 /* cat_10.png in Resources */,
				E994229A1A44827D0057F665 /* dog_6.png in Resources */,
				E99422BA1A44827D0057F665 /* power_animal_13.png in Resources */,
				E99422B11A44827D0057F665 /* power_animal_4.png in Resources */,
				E99422AD1A44827D0057F665 /* man_13.png in Resources */,
				E994228D1A44827D0057F665 /* cat_8.png in Resources */,
				E99422B01A44827D0057F665 /* power_animal_3.png in Resources */,
				E99422C11A44827D0057F665 /* cat_2.png in Resources */,
				E994228A1A44827D0057F665 /* cat_5.png in Resources */,
				E99422AC1A44827D0057F665 /* man_12.png in Resources */,
				948616C019B4FCA700B3D4AB /* cat_23.png in Resources */,
				948616D219B4FE4100B3D4AB /* dog_20.png in Resources */,
				E994229B1A44827D0057F665 /* dog_7.png in Resources */,
				E99422901A44827D0057F665 /* cat_11.png in Resources */,
				948616D119B4FE4100B3D4AB /* dog_19.png in Resources */,
				E994228E1A44827D0057F665 /* cat_9.png in Resources */,
				E99422AF1A44827D0057F665 /* power_animal_2.png in Resources */,
				E99422AE1A44827D0057F665 /* power_animal_1.png in Resources */,
				E99422BB1A44827D0057F665 /* power_animal_14.png in Resources */,
				E99422A41A44827D0057F665 /* man_4.png in Resources */,
				E99422D51A4889230057F665 /* VM_PACKMAGIC.png in Resources */,
				E99422AA1A44827D0057F665 /* man_10.png in Resources */,
				E99422D31A4889230057F665 /* VM_MAN.png in Resources */,
				948616CC19B4FE4100B3D4AB /* dog_14.png in Resources */,
				E99422861A44827D0057F665 /* back_card_cat.png in Resources */,
				948616C219B4FCA700B3D4AB /* cat_25.png in Resources */,
				948616BD19B4FCA700B3D4AB /* cat_20.png in Resources */,
				948616BA19B4FCA700B3D4AB /* cat_17.png in Resources */,
				E99422D01A4889230057F665 /* VM_BEAST.png in Resources */,
				948616CD19B4FE4100B3D4AB /* dog_15.png in Resources */,
				E99422931A44827D0057F665 /* cat_14.png in Resources */,
				E99422A91A44827D0057F665 /* man_9.png in Resources */,
				E99422891A44827D0057F665 /* back_card_man2.png in Resources */,
				948616AA19B4FC2F00B3D4AB /* dog_21.png in Resources */,
				942B966219AAC846006A396B /* InfoPlist.strings in Resources */,
				E99422C61A47627C0057F665 /* hand_heart.png in Resources */,
				E99422B21A44827D0057F665 /* power_animal_5.png in Resources */,
				948616BF19B4FCA700B3D4AB /* cat_22.png in Resources */,
				E994229E1A44827D0057F665 /* dog_10.png in Resources */,
				E99422A71A44827D0057F665 /* man_7.png in Resources */,
				E99422AB1A44827D0057F665 /* man_11.png in Resources */,
				E99422971A44827D0057F665 /* dog_3.png in Resources */,
				948616AB19B4FC2F00B3D4AB /* dog_22.png in Resources */,
				E99422941A44827D0057F665 /* cat_15.png in Resources */,
				E99422D21A4889230057F665 /* VM_PUPPY.png in Resources */,
				E99422981A44827D0057F665 /* dog_4.png in Resources */,
				E99422871A44827D0057F665 /* back_card_dog.png in Resources */,
			);
			runOnlyForDeploymentPostprocessing = 0;
		};
		942B967619AAC846006A396B /* Resources */ = {
			isa = PBXResourcesBuildPhase;
			buildActionMask = 2147483647;
			files = (
				942B968419AAC846006A396B /* InfoPlist.strings in Resources */,
			);
			runOnlyForDeploymentPostprocessing = 0;
		};
/* End PBXResourcesBuildPhase section */

/* Begin PBXSourcesBuildPhase section */
		942B965019AAC846006A396B /* Sources */ = {
			isa = PBXSourcesBuildPhase;
			buildActionMask = 2147483647;
			files = (
				942B969119AAC8A5006A396B /* VMGridViewController.m in Sources */,
				942B966419AAC846006A396B /* main.m in Sources */,
				942B966819AAC846006A396B /* VMAppDelegate.m in Sources */,
				942B969419AAC9AC006A396B /* VMGridViewCell.m in Sources */,
			);
			runOnlyForDeploymentPostprocessing = 0;
		};
		942B967419AAC846006A396B /* Sources */ = {
			isa = PBXSourcesBuildPhase;
			buildActionMask = 2147483647;
			files = (
				942B968619AAC846006A396B /* VeraMeat_PlayTests.m in Sources */,
			);
			runOnlyForDeploymentPostprocessing = 0;
		};
/* End PBXSourcesBuildPhase section */

/* Begin PBXTargetDependency section */
		942B967E19AAC846006A396B /* PBXTargetDependency */ = {
			isa = PBXTargetDependency;
			target = 942B965319AAC846006A396B /* VeraMeat Play */;
			targetProxy = 942B967D19AAC846006A396B /* PBXContainerItemProxy */;
		};
/* End PBXTargetDependency section */

/* Begin PBXVariantGroup section */
		942B966019AAC846006A396B /* InfoPlist.strings */ = {
			isa = PBXVariantGroup;
			children = (
				942B966119AAC846006A396B /* en */,
			);
			name = InfoPlist.strings;
			sourceTree = "<group>";
		};
		942B968219AAC846006A396B /* InfoPlist.strings */ = {
			isa = PBXVariantGroup;
			children = (
				942B968319AAC846006A396B /* en */,
			);
			name = InfoPlist.strings;
			sourceTree = "<group>";
		};
/* End PBXVariantGroup section */

/* Begin XCBuildConfiguration section */
		942B968719AAC846006A396B /* Debug */ = {
			isa = XCBuildConfiguration;
			buildSettings = {
				ALWAYS_SEARCH_USER_PATHS = NO;
				CLANG_CXX_LANGUAGE_STANDARD = "gnu++0x";
				CLANG_CXX_LIBRARY = "libc++";
				CLANG_ENABLE_MODULES = YES;
				CLANG_ENABLE_OBJC_ARC = YES;
				CLANG_WARN_BOOL_CONVERSION = YES;
				CLANG_WARN_CONSTANT_CONVERSION = YES;
				CLANG_WARN_DIRECT_OBJC_ISA_USAGE = YES_ERROR;
				CLANG_WARN_EMPTY_BODY = YES;
				CLANG_WARN_ENUM_CONVERSION = YES;
				CLANG_WARN_INT_CONVERSION = YES;
				CLANG_WARN_OBJC_ROOT_CLASS = YES_ERROR;
				CLANG_WARN__DUPLICATE_METHOD_MATCH = YES;
				"CODE_SIGN_IDENTITY[sdk=iphoneos*]" = "iPhone Developer";
				COPY_PHASE_STRIP = NO;
				GCC_C_LANGUAGE_STANDARD = gnu99;
				GCC_DYNAMIC_NO_PIC = NO;
				GCC_OPTIMIZATION_LEVEL = 0;
				GCC_PREPROCESSOR_DEFINITIONS = (
					"DEBUG=1",
					"$(inherited)",
				);
				GCC_SYMBOLS_PRIVATE_EXTERN = NO;
				GCC_WARN_64_TO_32_BIT_CONVERSION = YES;
				GCC_WARN_ABOUT_RETURN_TYPE = YES_ERROR;
				GCC_WARN_UNDECLARED_SELECTOR = YES;
				GCC_WARN_UNINITIALIZED_AUTOS = YES;
				GCC_WARN_UNUSED_FUNCTION = YES;
				GCC_WARN_UNUSED_VARIABLE = YES;
				IPHONEOS_DEPLOYMENT_TARGET = 7.0;
				ONLY_ACTIVE_ARCH = YES;
				SDKROOT = iphoneos;
				TARGETED_DEVICE_FAMILY = "1,2";
			};
			name = Debug;
		};
		942B968819AAC846006A396B /* Release */ = {
			isa = XCBuildConfiguration;
			buildSettings = {
				ALWAYS_SEARCH_USER_PATHS = NO;
				CLANG_CXX_LANGUAGE_STANDARD = "gnu++0x";
				CLANG_CXX_LIBRARY = "libc++";
				CLANG_ENABLE_MODULES = YES;
				CLANG_ENABLE_OBJC_ARC = YES;
				CLANG_WARN_BOOL_CONVERSION = YES;
				CLANG_WARN_CONSTANT_CONVERSION = YES;
				CLANG_WARN_DIRECT_OBJC_ISA_USAGE = YES_ERROR;
				CLANG_WARN_EMPTY_BODY = YES;
				CLANG_WARN_ENUM_CONVERSION = YES;
				CLANG_WARN_INT_CONVERSION = YES;
				CLANG_WARN_OBJC_ROOT_CLASS = YES_ERROR;
				CLANG_WARN__DUPLICATE_METHOD_MATCH = YES;
				"CODE_SIGN_IDENTITY[sdk=iphoneos*]" = "iPhone Developer";
				COPY_PHASE_STRIP = YES;
				ENABLE_NS_ASSERTIONS = NO;
				GCC_C_LANGUAGE_STANDARD = gnu99;
				GCC_WARN_64_TO_32_BIT_CONVERSION = YES;
				GCC_WARN_ABOUT_RETURN_TYPE = YES_ERROR;
				GCC_WARN_UNDECLARED_SELECTOR = YES;
				GCC_WARN_UNINITIALIZED_AUTOS = YES;
				GCC_WARN_UNUSED_FUNCTION = YES;
				GCC_WARN_UNUSED_VARIABLE = YES;
				IPHONEOS_DEPLOYMENT_TARGET = 7.0;
				SDKROOT = iphoneos;
				TARGETED_DEVICE_FAMILY = "1,2";
				VALIDATE_PRODUCT = YES;
			};
			name = Release;
		};
		942B968A19AAC846006A396B /* Debug */ = {
			isa = XCBuildConfiguration;
			buildSettings = {
				ASSETCATALOG_COMPILER_APPICON_NAME = AppIcon;
				ASSETCATALOG_COMPILER_LAUNCHIMAGE_NAME = LaunchImage;
				GCC_PRECOMPILE_PREFIX_HEADER = YES;
				GCC_PREFIX_HEADER = "VeraMeat Play/VeraMeat Play-Prefix.pch";
				INFOPLIST_FILE = "VeraMeat Play/VeraMeat Play-Info.plist";
				PRODUCT_NAME = "$(TARGET_NAME)";
				WRAPPER_EXTENSION = app;
			};
			name = Debug;
		};
		942B968B19AAC846006A396B /* Release */ = {
			isa = XCBuildConfiguration;
			buildSettings = {
				ASSETCATALOG_COMPILER_APPICON_NAME = AppIcon;
				ASSETCATALOG_COMPILER_LAUNCHIMAGE_NAME = LaunchImage;
				GCC_PRECOMPILE_PREFIX_HEADER = YES;
				GCC_PREFIX_HEADER = "VeraMeat Play/VeraMeat Play-Prefix.pch";
				INFOPLIST_FILE = "VeraMeat Play/VeraMeat Play-Info.plist";
				PRODUCT_NAME = "$(TARGET_NAME)";
				WRAPPER_EXTENSION = app;
			};
			name = Release;
		};
		942B968D19AAC846006A396B /* Debug */ = {
			isa = XCBuildConfiguration;
			buildSettings = {
				BUNDLE_LOADER = "$(BUILT_PRODUCTS_DIR)/VeraMeat Play.app/VeraMeat Play";
				FRAMEWORK_SEARCH_PATHS = (
					"$(SDKROOT)/Developer/Library/Frameworks",
					"$(inherited)",
					"$(DEVELOPER_FRAMEWORKS_DIR)",
				);
				GCC_PRECOMPILE_PREFIX_HEADER = YES;
				GCC_PREFIX_HEADER = "VeraMeat Play/VeraMeat Play-Prefix.pch";
				GCC_PREPROCESSOR_DEFINITIONS = (
					"DEBUG=1",
					"$(inherited)",
				);
				INFOPLIST_FILE = "VeraMeat PlayTests/VeraMeat PlayTests-Info.plist";
				PRODUCT_NAME = "$(TARGET_NAME)";
				TEST_HOST = "$(BUNDLE_LOADER)";
				WRAPPER_EXTENSION = xctest;
			};
			name = Debug;
		};
		942B968E19AAC846006A396B /* Release */ = {
			isa = XCBuildConfiguration;
			buildSettings = {
				BUNDLE_LOADER = "$(BUILT_PRODUCTS_DIR)/VeraMeat Play.app/VeraMeat Play";
				FRAMEWORK_SEARCH_PATHS = (
					"$(SDKROOT)/Developer/Library/Frameworks",
					"$(inherited)",
					"$(DEVELOPER_FRAMEWORKS_DIR)",
				);
				GCC_PRECOMPILE_PREFIX_HEADER = YES;
				GCC_PREFIX_HEADER = "VeraMeat Play/VeraMeat Play-Prefix.pch";
				INFOPLIST_FILE = "VeraMeat PlayTests/VeraMeat PlayTests-Info.plist";
				PRODUCT_NAME = "$(TARGET_NAME)";
				TEST_HOST = "$(BUNDLE_LOADER)";
				WRAPPER_EXTENSION = xctest;
			};
			name = Release;
		};
/* End XCBuildConfiguration section */

/* Begin XCConfigurationList section */
		942B964F19AAC846006A396B /* Build configuration list for PBXProject "VeraMeat Play" */ = {
			isa = XCConfigurationList;
			buildConfigurations = (
				942B968719AAC846006A396B /* Debug */,
				942B968819AAC846006A396B /* Release */,
			);
			defaultConfigurationIsVisible = 0;
			defaultConfigurationName = Release;
		};
		942B968919AAC846006A396B /* Build configuration list for PBXNativeTarget "VeraMeat Play" */ = {
			isa = XCConfigurationList;
			buildConfigurations = (
				942B968A19AAC846006A396B /* Debug */,
				942B968B19AAC846006A396B /* Release */,
			);
			defaultConfigurationIsVisible = 0;
			defaultConfigurationName = Release;
		};
		942B968C19AAC846006A396B /* Build configuration list for PBXNativeTarget "VeraMeat PlayTests" */ = {
			isa = XCConfigurationList;
			buildConfigurations = (
				942B968D19AAC846006A396B /* Debug */,
				942B968E19AAC846006A396B /* Release */,
			);
			defaultConfigurationIsVisible = 0;
			defaultConfigurationName = Release;
		};
/* End XCConfigurationList section */
	};
	rootObject = 942B964C19AAC846006A396B /* Project object */;
}
