// !$*UTF8*$!
{
	archiveVersion = 1;
	classes = {
	};
	objectVersion = 46;
	objects = {

/* Begin PBXBuildFile section */
		93EEDBEB1ACB373C00502543 /* back_card_cat.png in Resources */ = {isa = PBXBuildFile; fileRef = 93EEDB821ACB373B00502543 /* back_card_cat.png */; };
		93EEDBEC1ACB373C00502543 /* back_card_dog.png in Resources */ = {isa = PBXBuildFile; fileRef = 93EEDB831ACB373B00502543 /* back_card_dog.png */; };
		93EEDBED1ACB373C00502543 /* back_card_gentleman.png in Resources */ = {isa = PBXBuildFile; fileRef = 93EEDB841ACB373B00502543 /* back_card_gentleman.png */; };
		93EEDBEE1ACB373C00502543 /* back_card_lady.png in Resources */ = {isa = PBXBuildFile; fileRef = 93EEDB851ACB373B00502543 /* back_card_lady.png */; };
		93EEDBEF1ACB373C00502543 /* cat_1.png in Resources */ = {isa = PBXBuildFile; fileRef = 93EEDB861ACB373B00502543 /* cat_1.png */; };
		93EEDBF01ACB373C00502543 /* cat_2.png in Resources */ = {isa = PBXBuildFile; fileRef = 93EEDB871ACB373B00502543 /* cat_2.png */; };
		93EEDBF11ACB373C00502543 /* cat_3.png in Resources */ = {isa = PBXBuildFile; fileRef = 93EEDB881ACB373B00502543 /* cat_3.png */; };
		93EEDBF21ACB373C00502543 /* cat_4.png in Resources */ = {isa = PBXBuildFile; fileRef = 93EEDB891ACB373B00502543 /* cat_4.png */; };
		93EEDBF31ACB373C00502543 /* cat_5.png in Resources */ = {isa = PBXBuildFile; fileRef = 93EEDB8A1ACB373B00502543 /* cat_5.png */; };
		93EEDBF41ACB373C00502543 /* cat_6.png in Resources */ = {isa = PBXBuildFile; fileRef = 93EEDB8B1ACB373B00502543 /* cat_6.png */; };
		93EEDBF51ACB373C00502543 /* cat_7.png in Resources */ = {isa = PBXBuildFile; fileRef = 93EEDB8C1ACB373B00502543 /* cat_7.png */; };
		93EEDBF61ACB373C00502543 /* cat_8.png in Resources */ = {isa = PBXBuildFile; fileRef = 93EEDB8D1ACB373B00502543 /* cat_8.png */; };
		93EEDBF71ACB373C00502543 /* cat_9.png in Resources */ = {isa = PBXBuildFile; fileRef = 93EEDB8E1ACB373B00502543 /* cat_9.png */; };
		93EEDBF81ACB373C00502543 /* cat_10.png in Resources */ = {isa = PBXBuildFile; fileRef = 93EEDB8F1ACB373B00502543 /* cat_10.png */; };
		93EEDBF91ACB373C00502543 /* cat_11.png in Resources */ = {isa = PBXBuildFile; fileRef = 93EEDB901ACB373B00502543 /* cat_11.png */; };
		93EEDBFA1ACB373C00502543 /* cat_12.png in Resources */ = {isa = PBXBuildFile; fileRef = 93EEDB911ACB373B00502543 /* cat_12.png */; };
		93EEDBFB1ACB373C00502543 /* cat_13.png in Resources */ = {isa = PBXBuildFile; fileRef = 93EEDB921ACB373B00502543 /* cat_13.png */; };
		93EEDBFC1ACB373C00502543 /* cat_14.png in Resources */ = {isa = PBXBuildFile; fileRef = 93EEDB931ACB373B00502543 /* cat_14.png */; };
		93EEDBFD1ACB373C00502543 /* cat_15.png in Resources */ = {isa = PBXBuildFile; fileRef = 93EEDB941ACB373B00502543 /* cat_15.png */; };
		93EEDBFE1ACB373C00502543 /* cat_16.png in Resources */ = {isa = PBXBuildFile; fileRef = 93EEDB951ACB373B00502543 /* cat_16.png */; };
		93EEDBFF1ACB373C00502543 /* cat_17.png in Resources */ = {isa = PBXBuildFile; fileRef = 93EEDB961ACB373B00502543 /* cat_17.png */; };
		93EEDC001ACB373C00502543 /* cat_18.png in Resources */ = {isa = PBXBuildFile; fileRef = 93EEDB971ACB373B00502543 /* cat_18.png */; };
		93EEDC011ACB373C00502543 /* cat_19.png in Resources */ = {isa = PBXBuildFile; fileRef = 93EEDB981ACB373B00502543 /* cat_19.png */; };
		93EEDC021ACB373C00502543 /* cat_20.png in Resources */ = {isa = PBXBuildFile; fileRef = 93EEDB991ACB373B00502543 /* cat_20.png */; };
		93EEDC031ACB373C00502543 /* cat_21.png in Resources */ = {isa = PBXBuildFile; fileRef = 93EEDB9A1ACB373B00502543 /* cat_21.png */; };
		93EEDC041ACB373C00502543 /* cat_22.png in Resources */ = {isa = PBXBuildFile; fileRef = 93EEDB9B1ACB373B00502543 /* cat_22.png */; };
		93EEDC051ACB373C00502543 /* cat_23.png in Resources */ = {isa = PBXBuildFile; fileRef = 93EEDB9C1ACB373B00502543 /* cat_23.png */; };
		93EEDC061ACB373C00502543 /* cat_24.png in Resources */ = {isa = PBXBuildFile; fileRef = 93EEDB9D1ACB373B00502543 /* cat_24.png */; };
		93EEDC071ACB373C00502543 /* cat_25.png in Resources */ = {isa = PBXBuildFile; fileRef = 93EEDB9E1ACB373B00502543 /* cat_25.png */; };
		93EEDC081ACB373C00502543 /* dog_1.png in Resources */ = {isa = PBXBuildFile; fileRef = 93EEDB9F1ACB373B00502543 /* dog_1.png */; };
		93EEDC091ACB373C00502543 /* dog_2.png in Resources */ = {isa = PBXBuildFile; fileRef = 93EEDBA01ACB373B00502543 /* dog_2.png */; };
		93EEDC0A1ACB373C00502543 /* dog_3.png in Resources */ = {isa = PBXBuildFile; fileRef = 93EEDBA11ACB373B00502543 /* dog_3.png */; };
		93EEDC0B1ACB373C00502543 /* dog_4.png in Resources */ = {isa = PBXBuildFile; fileRef = 93EEDBA21ACB373B00502543 /* dog_4.png */; };
		93EEDC0C1ACB373C00502543 /* dog_5.png in Resources */ = {isa = PBXBuildFile; fileRef = 93EEDBA31ACB373B00502543 /* dog_5.png */; };
		93EEDC0D1ACB373C00502543 /* dog_6.png in Resources */ = {isa = PBXBuildFile; fileRef = 93EEDBA41ACB373B00502543 /* dog_6.png */; };
		93EEDC0E1ACB373C00502543 /* dog_7.png in Resources */ = {isa = PBXBuildFile; fileRef = 93EEDBA51ACB373B00502543 /* dog_7.png */; };
		93EEDC0F1ACB373C00502543 /* dog_8.png in Resources */ = {isa = PBXBuildFile; fileRef = 93EEDBA61ACB373B00502543 /* dog_8.png */; };
		93EEDC101ACB373C00502543 /* dog_9.png in Resources */ = {isa = PBXBuildFile; fileRef = 93EEDBA71ACB373B00502543 /* dog_9.png */; };
		93EEDC111ACB373C00502543 /* dog_10.png in Resources */ = {isa = PBXBuildFile; fileRef = 93EEDBA81ACB373B00502543 /* dog_10.png */; };
		93EEDC121ACB373C00502543 /* dog_11.png in Resources */ = {isa = PBXBuildFile; fileRef = 93EEDBA91ACB373B00502543 /* dog_11.png */; };
		93EEDC131ACB373C00502543 /* dog_12.png in Resources */ = {isa = PBXBuildFile; fileRef = 93EEDBAA1ACB373B00502543 /* dog_12.png */; };
		93EEDC141ACB373C00502543 /* dog_13.png in Resources */ = {isa = PBXBuildFile; fileRef = 93EEDBAB1ACB373B00502543 /* dog_13.png */; };
		93EEDC151ACB373C00502543 /* dog_14.png in Resources */ = {isa = PBXBuildFile; fileRef = 93EEDBAC1ACB373B00502543 /* dog_14.png */; };
		93EEDC161ACB373C00502543 /* dog_15.png in Resources */ = {isa = PBXBuildFile; fileRef = 93EEDBAD1ACB373B00502543 /* dog_15.png */; };
		93EEDC171ACB373C00502543 /* dog_16.png in Resources */ = {isa = PBXBuildFile; fileRef = 93EEDBAE1ACB373B00502543 /* dog_16.png */; };
		93EEDC181ACB373C00502543 /* dog_17.png in Resources */ = {isa = PBXBuildFile; fileRef = 93EEDBAF1ACB373B00502543 /* dog_17.png */; };
		93EEDC191ACB373C00502543 /* dog_18.png in Resources */ = {isa = PBXBuildFile; fileRef = 93EEDBB01ACB373B00502543 /* dog_18.png */; };
		93EEDC1A1ACB373C00502543 /* dog_19.png in Resources */ = {isa = PBXBuildFile; fileRef = 93EEDBB11ACB373B00502543 /* dog_19.png */; };
		93EEDC1B1ACB373C00502543 /* dog_20.png in Resources */ = {isa = PBXBuildFile; fileRef = 93EEDBB21ACB373B00502543 /* dog_20.png */; };
		93EEDC1C1ACB373C00502543 /* dog_21.png in Resources */ = {isa = PBXBuildFile; fileRef = 93EEDBB31ACB373B00502543 /* dog_21.png */; };
		93EEDC1D1ACB373C00502543 /* dog_22.png in Resources */ = {isa = PBXBuildFile; fileRef = 93EEDBB41ACB373B00502543 /* dog_22.png */; };
		93EEDC1E1ACB373C00502543 /* dog_23.png in Resources */ = {isa = PBXBuildFile; fileRef = 93EEDBB51ACB373B00502543 /* dog_23.png */; };
		93EEDC1F1ACB373C00502543 /* dog_24.png in Resources */ = {isa = PBXBuildFile; fileRef = 93EEDBB61ACB373B00502543 /* dog_24.png */; };
		93EEDC201ACB373C00502543 /* dog_25.png in Resources */ = {isa = PBXBuildFile; fileRef = 93EEDBB71ACB373B00502543 /* dog_25.png */; };
		93EEDC211ACB373C00502543 /* hand_heart.png in Resources */ = {isa = PBXBuildFile; fileRef = 93EEDBB81ACB373B00502543 /* hand_heart.png */; };
		93EEDC221ACB373C00502543 /* lady_1.png in Resources */ = {isa = PBXBuildFile; fileRef = 93EEDBB91ACB373B00502543 /* lady_1.png */; };
		93EEDC231ACB373C00502543 /* lady_2.png in Resources */ = {isa = PBXBuildFile; fileRef = 93EEDBBA1ACB373B00502543 /* lady_2.png */; };
		93EEDC241ACB373C00502543 /* lady_3.png in Resources */ = {isa = PBXBuildFile; fileRef = 93EEDBBB1ACB373B00502543 /* lady_3.png */; };
		93EEDC251ACB373C00502543 /* lady_4.png in Resources */ = {isa = PBXBuildFile; fileRef = 93EEDBBC1ACB373B00502543 /* lady_4.png */; };
		93EEDC261ACB373C00502543 /* lady_5.png in Resources */ = {isa = PBXBuildFile; fileRef = 93EEDBBD1ACB373B00502543 /* lady_5.png */; };
		93EEDC271ACB373C00502543 /* lady_6.png in Resources */ = {isa = PBXBuildFile; fileRef = 93EEDBBE1ACB373B00502543 /* lady_6.png */; };
		93EEDC281ACB373C00502543 /* lady_7.png in Resources */ = {isa = PBXBuildFile; fileRef = 93EEDBBF1ACB373B00502543 /* lady_7.png */; };
		93EEDC291ACB373C00502543 /* lady_8.png in Resources */ = {isa = PBXBuildFile; fileRef = 93EEDBC01ACB373B00502543 /* lady_8.png */; };
		93EEDC2A1ACB373C00502543 /* lady_9.png in Resources */ = {isa = PBXBuildFile; fileRef = 93EEDBC11ACB373B00502543 /* lady_9.png */; };
		93EEDC2B1ACB373C00502543 /* lady_10.png in Resources */ = {isa = PBXBuildFile; fileRef = 93EEDBC21ACB373B00502543 /* lady_10.png */; };
		93EEDC2C1ACB373C00502543 /* lady_11.png in Resources */ = {isa = PBXBuildFile; fileRef = 93EEDBC31ACB373B00502543 /* lady_11.png */; };
		93EEDC2D1ACB373C00502543 /* lady_12.png in Resources */ = {isa = PBXBuildFile; fileRef = 93EEDBC41ACB373B00502543 /* lady_12.png */; };
		93EEDC2E1ACB373C00502543 /* lady_13.png in Resources */ = {isa = PBXBuildFile; fileRef = 93EEDBC51ACB373B00502543 /* lady_13.png */; };
		93EEDC2F1ACB373C00502543 /* lady_14.png in Resources */ = {isa = PBXBuildFile; fileRef = 93EEDBC61ACB373B00502543 /* lady_14.png */; };
		93EEDC301ACB373C00502543 /* lady_15.png in Resources */ = {isa = PBXBuildFile; fileRef = 93EEDBC71ACB373B00502543 /* lady_15.png */; };
		93EEDC311ACB373C00502543 /* lady_16.png in Resources */ = {isa = PBXBuildFile; fileRef = 93EEDBC81ACB373B00502543 /* lady_16.png */; };
		93EEDC321ACB373C00502543 /* lady_17.png in Resources */ = {isa = PBXBuildFile; fileRef = 93EEDBC91ACB373C00502543 /* lady_17.png */; };
		93EEDC331ACB373C00502543 /* lady_18.png in Resources */ = {isa = PBXBuildFile; fileRef = 93EEDBCA1ACB373C00502543 /* lady_18.png */; };
		93EEDC341ACB373C00502543 /* lady_19.png in Resources */ = {isa = PBXBuildFile; fileRef = 93EEDBCB1ACB373C00502543 /* lady_19.png */; };
		93EEDC351ACB373C00502543 /* lady_20.png in Resources */ = {isa = PBXBuildFile; fileRef = 93EEDBCC1ACB373C00502543 /* lady_20.png */; };
		93EEDC361ACB373C00502543 /* lady_21.png in Resources */ = {isa = PBXBuildFile; fileRef = 93EEDBCD1ACB373C00502543 /* lady_21.png */; };
		93EEDC371ACB373C00502543 /* man_1.png in Resources */ = {isa = PBXBuildFile; fileRef = 93EEDBCE1ACB373C00502543 /* man_1.png */; };
		93EEDC381ACB373C00502543 /* man_2.png in Resources */ = {isa = PBXBuildFile; fileRef = 93EEDBCF1ACB373C00502543 /* man_2.png */; };
		93EEDC391ACB373C00502543 /* man_3.png in Resources */ = {isa = PBXBuildFile; fileRef = 93EEDBD01ACB373C00502543 /* man_3.png */; };
		93EEDC3A1ACB373C00502543 /* man_4.png in Resources */ = {isa = PBXBuildFile; fileRef = 93EEDBD11ACB373C00502543 /* man_4.png */; };
		93EEDC3B1ACB373C00502543 /* man_5.png in Resources */ = {isa = PBXBuildFile; fileRef = 93EEDBD21ACB373C00502543 /* man_5.png */; };
		93EEDC3C1ACB373C00502543 /* man_6.png in Resources */ = {isa = PBXBuildFile; fileRef = 93EEDBD31ACB373C00502543 /* man_6.png */; };
		93EEDC3D1ACB373C00502543 /* man_7.png in Resources */ = {isa = PBXBuildFile; fileRef = 93EEDBD41ACB373C00502543 /* man_7.png */; };
		93EEDC3E1ACB373C00502543 /* man_8.png in Resources */ = {isa = PBXBuildFile; fileRef = 93EEDBD51ACB373C00502543 /* man_8.png */; };
		93EEDC3F1ACB373C00502543 /* man_9.png in Resources */ = {isa = PBXBuildFile; fileRef = 93EEDBD61ACB373C00502543 /* man_9.png */; };
		93EEDC401ACB373C00502543 /* man_10.png in Resources */ = {isa = PBXBuildFile; fileRef = 93EEDBD71ACB373C00502543 /* man_10.png */; };
		93EEDC411ACB373C00502543 /* man_11.png in Resources */ = {isa = PBXBuildFile; fileRef = 93EEDBD81ACB373C00502543 /* man_11.png */; };
		93EEDC421ACB373C00502543 /* man_12.png in Resources */ = {isa = PBXBuildFile; fileRef = 93EEDBD91ACB373C00502543 /* man_12.png */; };
		93EEDC431ACB373C00502543 /* man_13.png in Resources */ = {isa = PBXBuildFile; fileRef = 93EEDBDA1ACB373C00502543 /* man_13.png */; };
		93EEDC441ACB373C00502543 /* man_14.png in Resources */ = {isa = PBXBuildFile; fileRef = 93EEDBDB1ACB373C00502543 /* man_14.png */; };
		93EEDC451ACB373C00502543 /* man_15.png in Resources */ = {isa = PBXBuildFile; fileRef = 93EEDBDC1ACB373C00502543 /* man_15.png */; };
		93EEDC461ACB373C00502543 /* man_16.png in Resources */ = {isa = PBXBuildFile; fileRef = 93EEDBDD1ACB373C00502543 /* man_16.png */; };
		93EEDC471ACB373C00502543 /* man_17.png in Resources */ = {isa = PBXBuildFile; fileRef = 93EEDBDE1ACB373C00502543 /* man_17.png */; };
		93EEDC481ACB373C00502543 /* man_18.png in Resources */ = {isa = PBXBuildFile; fileRef = 93EEDBDF1ACB373C00502543 /* man_18.png */; };
		93EEDC491ACB373C00502543 /* man_19.png in Resources */ = {isa = PBXBuildFile; fileRef = 93EEDBE01ACB373C00502543 /* man_19.png */; };
		93EEDC4A1ACB373C00502543 /* man_20.png in Resources */ = {isa = PBXBuildFile; fileRef = 93EEDBE11ACB373C00502543 /* man_20.png */; };
		93EEDC4B1ACB373C00502543 /* man_21.png in Resources */ = {isa = PBXBuildFile; fileRef = 93EEDBE21ACB373C00502543 /* man_21.png */; };
		93EEDC4C1ACB373C00502543 /* man_22.png in Resources */ = {isa = PBXBuildFile; fileRef = 93EEDBE31ACB373C00502543 /* man_22.png */; };
		93EEDC4D1ACB373C00502543 /* man_23.png in Resources */ = {isa = PBXBuildFile; fileRef = 93EEDBE41ACB373C00502543 /* man_23.png */; };
		93EEDC4E1ACB373C00502543 /* man_24.png in Resources */ = {isa = PBXBuildFile; fileRef = 93EEDBE51ACB373C00502543 /* man_24.png */; };
		93EEDC4F1ACB373C00502543 /* man_25.png in Resources */ = {isa = PBXBuildFile; fileRef = 93EEDBE61ACB373C00502543 /* man_25.png */; };
		93EEDC501ACB373C00502543 /* power_hummingbird.png in Resources */ = {isa = PBXBuildFile; fileRef = 93EEDBE71ACB373C00502543 /* power_hummingbird.png */; };
		93EEDC511ACB373C00502543 /* power_jelly.png in Resources */ = {isa = PBXBuildFile; fileRef = 93EEDBE81ACB373C00502543 /* power_jelly.png */; };
		93EEDC521ACB373C00502543 /* power_porcupine.png in Resources */ = {isa = PBXBuildFile; fileRef = 93EEDBE91ACB373C00502543 /* power_porcupine.png */; };
		93EEDC531ACB373C00502543 /* vera_and_fred.png in Resources */ = {isa = PBXBuildFile; fileRef = 93EEDBEA1ACB373C00502543 /* vera_and_fred.png */; };
		942B965819AAC846006A396B /* Foundation.framework in Frameworks */ = {isa = PBXBuildFile; fileRef = 942B965719AAC846006A396B /* Foundation.framework */; };
		942B965A19AAC846006A396B /* CoreGraphics.framework in Frameworks */ = {isa = PBXBuildFile; fileRef = 942B965919AAC846006A396B /* CoreGraphics.framework */; };
		942B965C19AAC846006A396B /* UIKit.framework in Frameworks */ = {isa = PBXBuildFile; fileRef = 942B965B19AAC846006A396B /* UIKit.framework */; };
		942B966219AAC846006A396B /* InfoPlist.strings in Resources */ = {isa = PBXBuildFile; fileRef = 942B966019AAC846006A396B /* InfoPlist.strings */; };
		942B966419AAC846006A396B /* main.m in Sources */ = {isa = PBXBuildFile; fileRef = 942B966319AAC846006A396B /* main.m */; };
		942B966819AAC846006A396B /* VMAppDelegate.m in Sources */ = {isa = PBXBuildFile; fileRef = 942B966719AAC846006A396B /* VMAppDelegate.m */; };
		942B967319AAC846006A396B /* Images.xcassets in Resources */ = {isa = PBXBuildFile; fileRef = 942B967219AAC846006A396B /* Images.xcassets */; };
		942B967A19AAC846006A396B /* XCTest.framework in Frameworks */ = {isa = PBXBuildFile; fileRef = 942B967919AAC846006A396B /* XCTest.framework */; };
		942B967B19AAC846006A396B /* Foundation.framework in Frameworks */ = {isa = PBXBuildFile; fileRef = 942B965719AAC846006A396B /* Foundation.framework */; };
		942B967C19AAC846006A396B /* UIKit.framework in Frameworks */ = {isa = PBXBuildFile; fileRef = 942B965B19AAC846006A396B /* UIKit.framework */; };
		942B968419AAC846006A396B /* InfoPlist.strings in Resources */ = {isa = PBXBuildFile; fileRef = 942B968219AAC846006A396B /* InfoPlist.strings */; };
		942B968619AAC846006A396B /* VeraMeat_PlayTests.m in Sources */ = {isa = PBXBuildFile; fileRef = 942B968519AAC846006A396B /* VeraMeat_PlayTests.m */; };
		942B969119AAC8A5006A396B /* VMGridViewController.m in Sources */ = {isa = PBXBuildFile; fileRef = 942B969019AAC8A5006A396B /* VMGridViewController.m */; };
		942B969419AAC9AC006A396B /* VMGridViewCell.m in Sources */ = {isa = PBXBuildFile; fileRef = 942B969319AAC9AC006A396B /* VMGridViewCell.m */; };
		942B971219AACF11006A396B /* Storyboard.storyboard in Resources */ = {isa = PBXBuildFile; fileRef = 942B971119AACF11006A396B /* Storyboard.storyboard */; };
/* End PBXBuildFile section */

/* Begin PBXContainerItemProxy section */
		942B967D19AAC846006A396B /* PBXContainerItemProxy */ = {
			isa = PBXContainerItemProxy;
			containerPortal = 942B964C19AAC846006A396B /* Project object */;
			proxyType = 1;
			remoteGlobalIDString = 942B965319AAC846006A396B;
			remoteInfo = "VeraMeat Play";
		};
/* End PBXContainerItemProxy section */

/* Begin PBXFileReference section */
		93EEDB821ACB373B00502543 /* back_card_cat.png */ = {isa = PBXFileReference; lastKnownFileType = image.png; name = back_card_cat.png; path = ../../../VM_IMAGES/back_card_cat.png; sourceTree = "<group>"; };
		93EEDB831ACB373B00502543 /* back_card_dog.png */ = {isa = PBXFileReference; lastKnownFileType = image.png; name = back_card_dog.png; path = ../../../VM_IMAGES/back_card_dog.png; sourceTree = "<group>"; };
		93EEDB841ACB373B00502543 /* back_card_gentleman.png */ = {isa = PBXFileReference; lastKnownFileType = image.png; name = back_card_gentleman.png; path = ../../../VM_IMAGES/back_card_gentleman.png; sourceTree = "<group>"; };
		93EEDB851ACB373B00502543 /* back_card_lady.png */ = {isa = PBXFileReference; lastKnownFileType = image.png; name = back_card_lady.png; path = ../../../VM_IMAGES/back_card_lady.png; sourceTree = "<group>"; };
		93EEDB861ACB373B00502543 /* cat_1.png */ = {isa = PBXFileReference; lastKnownFileType = image.png; name = cat_1.png; path = ../../../VM_IMAGES/cat_1.png; sourceTree = "<group>"; };
		93EEDB871ACB373B00502543 /* cat_2.png */ = {isa = PBXFileReference; lastKnownFileType = image.png; name = cat_2.png; path = ../../../VM_IMAGES/cat_2.png; sourceTree = "<group>"; };
		93EEDB881ACB373B00502543 /* cat_3.png */ = {isa = PBXFileReference; lastKnownFileType = image.png; name = cat_3.png; path = ../../../VM_IMAGES/cat_3.png; sourceTree = "<group>"; };
		93EEDB891ACB373B00502543 /* cat_4.png */ = {isa = PBXFileReference; lastKnownFileType = image.png; name = cat_4.png; path = ../../../VM_IMAGES/cat_4.png; sourceTree = "<group>"; };
		93EEDB8A1ACB373B00502543 /* cat_5.png */ = {isa = PBXFileReference; lastKnownFileType = image.png; name = cat_5.png; path = ../../../VM_IMAGES/cat_5.png; sourceTree = "<group>"; };
		93EEDB8B1ACB373B00502543 /* cat_6.png */ = {isa = PBXFileReference; lastKnownFileType = image.png; name = cat_6.png; path = ../../../VM_IMAGES/cat_6.png; sourceTree = "<group>"; };
		93EEDB8C1ACB373B00502543 /* cat_7.png */ = {isa = PBXFileReference; lastKnownFileType = image.png; name = cat_7.png; path = ../../../VM_IMAGES/cat_7.png; sourceTree = "<group>"; };
		93EEDB8D1ACB373B00502543 /* cat_8.png */ = {isa = PBXFileReference; lastKnownFileType = image.png; name = cat_8.png; path = ../../../VM_IMAGES/cat_8.png; sourceTree = "<group>"; };
		93EEDB8E1ACB373B00502543 /* cat_9.png */ = {isa = PBXFileReference; lastKnownFileType = image.png; name = cat_9.png; path = ../../../VM_IMAGES/cat_9.png; sourceTree = "<group>"; };
		93EEDB8F1ACB373B00502543 /* cat_10.png */ = {isa = PBXFileReference; lastKnownFileType = image.png; name = cat_10.png; path = ../../../VM_IMAGES/cat_10.png; sourceTree = "<group>"; };
		93EEDB901ACB373B00502543 /* cat_11.png */ = {isa = PBXFileReference; lastKnownFileType = image.png; name = cat_11.png; path = ../../../VM_IMAGES/cat_11.png; sourceTree = "<group>"; };
		93EEDB911ACB373B00502543 /* cat_12.png */ = {isa = PBXFileReference; lastKnownFileType = image.png; name = cat_12.png; path = ../../../VM_IMAGES/cat_12.png; sourceTree = "<group>"; };
		93EEDB921ACB373B00502543 /* cat_13.png */ = {isa = PBXFileReference; lastKnownFileType = image.png; name = cat_13.png; path = ../../../VM_IMAGES/cat_13.png; sourceTree = "<group>"; };
		93EEDB931ACB373B00502543 /* cat_14.png */ = {isa = PBXFileReference; lastKnownFileType = image.png; name = cat_14.png; path = ../../../VM_IMAGES/cat_14.png; sourceTree = "<group>"; };
		93EEDB941ACB373B00502543 /* cat_15.png */ = {isa = PBXFileReference; lastKnownFileType = image.png; name = cat_15.png; path = ../../../VM_IMAGES/cat_15.png; sourceTree = "<group>"; };
		93EEDB951ACB373B00502543 /* cat_16.png */ = {isa = PBXFileReference; lastKnownFileType = image.png; name = cat_16.png; path = ../../../VM_IMAGES/cat_16.png; sourceTree = "<group>"; };
		93EEDB961ACB373B00502543 /* cat_17.png */ = {isa = PBXFileReference; lastKnownFileType = image.png; name = cat_17.png; path = ../../../VM_IMAGES/cat_17.png; sourceTree = "<group>"; };
		93EEDB971ACB373B00502543 /* cat_18.png */ = {isa = PBXFileReference; lastKnownFileType = image.png; name = cat_18.png; path = ../../../VM_IMAGES/cat_18.png; sourceTree = "<group>"; };
		93EEDB981ACB373B00502543 /* cat_19.png */ = {isa = PBXFileReference; lastKnownFileType = image.png; name = cat_19.png; path = ../../../VM_IMAGES/cat_19.png; sourceTree = "<group>"; };
		93EEDB991ACB373B00502543 /* cat_20.png */ = {isa = PBXFileReference; lastKnownFileType = image.png; name = cat_20.png; path = ../../../VM_IMAGES/cat_20.png; sourceTree = "<group>"; };
		93EEDB9A1ACB373B00502543 /* cat_21.png */ = {isa = PBXFileReference; lastKnownFileType = image.png; name = cat_21.png; path = ../../../VM_IMAGES/cat_21.png; sourceTree = "<group>"; };
		93EEDB9B1ACB373B00502543 /* cat_22.png */ = {isa = PBXFileReference; lastKnownFileType = image.png; name = cat_22.png; path = ../../../VM_IMAGES/cat_22.png; sourceTree = "<group>"; };
		93EEDB9C1ACB373B00502543 /* cat_23.png */ = {isa = PBXFileReference; lastKnownFileType = image.png; name = cat_23.png; path = ../../../VM_IMAGES/cat_23.png; sourceTree = "<group>"; };
		93EEDB9D1ACB373B00502543 /* cat_24.png */ = {isa = PBXFileReference; lastKnownFileType = image.png; name = cat_24.png; path = ../../../VM_IMAGES/cat_24.png; sourceTree = "<group>"; };
		93EEDB9E1ACB373B00502543 /* cat_25.png */ = {isa = PBXFileReference; lastKnownFileType = image.png; name = cat_25.png; path = ../../../VM_IMAGES/cat_25.png; sourceTree = "<group>"; };
		93EEDB9F1ACB373B00502543 /* dog_1.png */ = {isa = PBXFileReference; lastKnownFileType = image.png; name = dog_1.png; path = ../../../VM_IMAGES/dog_1.png; sourceTree = "<group>"; };
		93EEDBA01ACB373B00502543 /* dog_2.png */ = {isa = PBXFileReference; lastKnownFileType = image.png; name = dog_2.png; path = ../../../VM_IMAGES/dog_2.png; sourceTree = "<group>"; };
		93EEDBA11ACB373B00502543 /* dog_3.png */ = {isa = PBXFileReference; lastKnownFileType = image.png; name = dog_3.png; path = ../../../VM_IMAGES/dog_3.png; sourceTree = "<group>"; };
		93EEDBA21ACB373B00502543 /* dog_4.png */ = {isa = PBXFileReference; lastKnownFileType = image.png; name = dog_4.png; path = ../../../VM_IMAGES/dog_4.png; sourceTree = "<group>"; };
		93EEDBA31ACB373B00502543 /* dog_5.png */ = {isa = PBXFileReference; lastKnownFileType = image.png; name = dog_5.png; path = ../../../VM_IMAGES/dog_5.png; sourceTree = "<group>"; };
		93EEDBA41ACB373B00502543 /* dog_6.png */ = {isa = PBXFileReference; lastKnownFileType = image.png; name = dog_6.png; path = ../../../VM_IMAGES/dog_6.png; sourceTree = "<group>"; };
		93EEDBA51ACB373B00502543 /* dog_7.png */ = {isa = PBXFileReference; lastKnownFileType = image.png; name = dog_7.png; path = ../../../VM_IMAGES/dog_7.png; sourceTree = "<group>"; };
		93EEDBA61ACB373B00502543 /* dog_8.png */ = {isa = PBXFileReference; lastKnownFileType = image.png; name = dog_8.png; path = ../../../VM_IMAGES/dog_8.png; sourceTree = "<group>"; };
		93EEDBA71ACB373B00502543 /* dog_9.png */ = {isa = PBXFileReference; lastKnownFileType = image.png; name = dog_9.png; path = ../../../VM_IMAGES/dog_9.png; sourceTree = "<group>"; };
		93EEDBA81ACB373B00502543 /* dog_10.png */ = {isa = PBXFileReference; lastKnownFileType = image.png; name = dog_10.png; path = ../../../VM_IMAGES/dog_10.png; sourceTree = "<group>"; };
		93EEDBA91ACB373B00502543 /* dog_11.png */ = {isa = PBXFileReference; lastKnownFileType = image.png; name = dog_11.png; path = ../../../VM_IMAGES/dog_11.png; sourceTree = "<group>"; };
		93EEDBAA1ACB373B00502543 /* dog_12.png */ = {isa = PBXFileReference; lastKnownFileType = image.png; name = dog_12.png; path = ../../../VM_IMAGES/dog_12.png; sourceTree = "<group>"; };
		93EEDBAB1ACB373B00502543 /* dog_13.png */ = {isa = PBXFileReference; lastKnownFileType = image.png; name = dog_13.png; path = ../../../VM_IMAGES/dog_13.png; sourceTree = "<group>"; };
		93EEDBAC1ACB373B00502543 /* dog_14.png */ = {isa = PBXFileReference; lastKnownFileType = image.png; name = dog_14.png; path = ../../../VM_IMAGES/dog_14.png; sourceTree = "<group>"; };
		93EEDBAD1ACB373B00502543 /* dog_15.png */ = {isa = PBXFileReference; lastKnownFileType = image.png; name = dog_15.png; path = ../../../VM_IMAGES/dog_15.png; sourceTree = "<group>"; };
		93EEDBAE1ACB373B00502543 /* dog_16.png */ = {isa = PBXFileReference; lastKnownFileType = image.png; name = dog_16.png; path = ../../../VM_IMAGES/dog_16.png; sourceTree = "<group>"; };
		93EEDBAF1ACB373B00502543 /* dog_17.png */ = {isa = PBXFileReference; lastKnownFileType = image.png; name = dog_17.png; path = ../../../VM_IMAGES/dog_17.png; sourceTree = "<group>"; };
		93EEDBB01ACB373B00502543 /* dog_18.png */ = {isa = PBXFileReference; lastKnownFileType = image.png; name = dog_18.png; path = ../../../VM_IMAGES/dog_18.png; sourceTree = "<group>"; };
		93EEDBB11ACB373B00502543 /* dog_19.png */ = {isa = PBXFileReference; lastKnownFileType = image.png; name = dog_19.png; path = ../../../VM_IMAGES/dog_19.png; sourceTree = "<group>"; };
		93EEDBB21ACB373B00502543 /* dog_20.png */ = {isa = PBXFileReference; lastKnownFileType = image.png; name = dog_20.png; path = ../../../VM_IMAGES/dog_20.png; sourceTree = "<group>"; };
		93EEDBB31ACB373B00502543 /* dog_21.png */ = {isa = PBXFileReference; lastKnownFileType = image.png; name = dog_21.png; path = ../../../VM_IMAGES/dog_21.png; sourceTree = "<group>"; };
		93EEDBB41ACB373B00502543 /* dog_22.png */ = {isa = PBXFileReference; lastKnownFileType = image.png; name = dog_22.png; path = ../../../VM_IMAGES/dog_22.png; sourceTree = "<group>"; };
		93EEDBB51ACB373B00502543 /* dog_23.png */ = {isa = PBXFileReference; lastKnownFileType = image.png; name = dog_23.png; path = ../../../VM_IMAGES/dog_23.png; sourceTree = "<group>"; };
		93EEDBB61ACB373B00502543 /* dog_24.png */ = {isa = PBXFileReference; lastKnownFileType = image.png; name = dog_24.png; path = ../../../VM_IMAGES/dog_24.png; sourceTree = "<group>"; };
		93EEDBB71ACB373B00502543 /* dog_25.png */ = {isa = PBXFileReference; lastKnownFileType = image.png; name = dog_25.png; path = ../../../VM_IMAGES/dog_25.png; sourceTree = "<group>"; };
		93EEDBB81ACB373B00502543 /* hand_heart.png */ = {isa = PBXFileReference; lastKnownFileType = image.png; name = hand_heart.png; path = ../../../VM_IMAGES/hand_heart.png; sourceTree = "<group>"; };
		93EEDBB91ACB373B00502543 /* lady_1.png */ = {isa = PBXFileReference; lastKnownFileType = image.png; name = lady_1.png; path = ../../../VM_IMAGES/lady_1.png; sourceTree = "<group>"; };
		93EEDBBA1ACB373B00502543 /* lady_2.png */ = {isa = PBXFileReference; lastKnownFileType = image.png; name = lady_2.png; path = ../../../VM_IMAGES/lady_2.png; sourceTree = "<group>"; };
		93EEDBBB1ACB373B00502543 /* lady_3.png */ = {isa = PBXFileReference; lastKnownFileType = image.png; name = lady_3.png; path = ../../../VM_IMAGES/lady_3.png; sourceTree = "<group>"; };
		93EEDBBC1ACB373B00502543 /* lady_4.png */ = {isa = PBXFileReference; lastKnownFileType = image.png; name = lady_4.png; path = ../../../VM_IMAGES/lady_4.png; sourceTree = "<group>"; };
		93EEDBBD1ACB373B00502543 /* lady_5.png */ = {isa = PBXFileReference; lastKnownFileType = image.png; name = lady_5.png; path = ../../../VM_IMAGES/lady_5.png; sourceTree = "<group>"; };
		93EEDBBE1ACB373B00502543 /* lady_6.png */ = {isa = PBXFileReference; lastKnownFileType = image.png; name = lady_6.png; path = ../../../VM_IMAGES/lady_6.png; sourceTree = "<group>"; };
		93EEDBBF1ACB373B00502543 /* lady_7.png */ = {isa = PBXFileReference; lastKnownFileType = image.png; name = lady_7.png; path = ../../../VM_IMAGES/lady_7.png; sourceTree = "<group>"; };
		93EEDBC01ACB373B00502543 /* lady_8.png */ = {isa = PBXFileReference; lastKnownFileType = image.png; name = lady_8.png; path = ../../../VM_IMAGES/lady_8.png; sourceTree = "<group>"; };
		93EEDBC11ACB373B00502543 /* lady_9.png */ = {isa = PBXFileReference; lastKnownFileType = image.png; name = lady_9.png; path = ../../../VM_IMAGES/lady_9.png; sourceTree = "<group>"; };
		93EEDBC21ACB373B00502543 /* lady_10.png */ = {isa = PBXFileReference; lastKnownFileType = image.png; name = lady_10.png; path = ../../../VM_IMAGES/lady_10.png; sourceTree = "<group>"; };
		93EEDBC31ACB373B00502543 /* lady_11.png */ = {isa = PBXFileReference; lastKnownFileType = image.png; name = lady_11.png; path = ../../../VM_IMAGES/lady_11.png; sourceTree = "<group>"; };
		93EEDBC41ACB373B00502543 /* lady_12.png */ = {isa = PBXFileReference; lastKnownFileType = image.png; name = lady_12.png; path = ../../../VM_IMAGES/lady_12.png; sourceTree = "<group>"; };
		93EEDBC51ACB373B00502543 /* lady_13.png */ = {isa = PBXFileReference; lastKnownFileType = image.png; name = lady_13.png; path = ../../../VM_IMAGES/lady_13.png; sourceTree = "<group>"; };
		93EEDBC61ACB373B00502543 /* lady_14.png */ = {isa = PBXFileReference; lastKnownFileType = image.png; name = lady_14.png; path = ../../../VM_IMAGES/lady_14.png; sourceTree = "<group>"; };
		93EEDBC71ACB373B00502543 /* lady_15.png */ = {isa = PBXFileReference; lastKnownFileType = image.png; name = lady_15.png; path = ../../../VM_IMAGES/lady_15.png; sourceTree = "<group>"; };
		93EEDBC81ACB373B00502543 /* lady_16.png */ = {isa = PBXFileReference; lastKnownFileType = image.png; name = lady_16.png; path = ../../../VM_IMAGES/lady_16.png; sourceTree = "<group>"; };
		93EEDBC91ACB373C00502543 /* lady_17.png */ = {isa = PBXFileReference; lastKnownFileType = image.png; name = lady_17.png; path = ../../../VM_IMAGES/lady_17.png; sourceTree = "<group>"; };
		93EEDBCA1ACB373C00502543 /* lady_18.png */ = {isa = PBXFileReference; lastKnownFileType = image.png; name = lady_18.png; path = ../../../VM_IMAGES/lady_18.png; sourceTree = "<group>"; };
		93EEDBCB1ACB373C00502543 /* lady_19.png */ = {isa = PBXFileReference; lastKnownFileType = image.png; name = lady_19.png; path = ../../../VM_IMAGES/lady_19.png; sourceTree = "<group>"; };
		93EEDBCC1ACB373C00502543 /* lady_20.png */ = {isa = PBXFileReference; lastKnownFileType = image.png; name = lady_20.png; path = ../../../VM_IMAGES/lady_20.png; sourceTree = "<group>"; };
		93EEDBCD1ACB373C00502543 /* lady_21.png */ = {isa = PBXFileReference; lastKnownFileType = image.png; name = lady_21.png; path = ../../../VM_IMAGES/lady_21.png; sourceTree = "<group>"; };
		93EEDBCE1ACB373C00502543 /* man_1.png */ = {isa = PBXFileReference; lastKnownFileType = image.png; name = man_1.png; path = ../../../VM_IMAGES/man_1.png; sourceTree = "<group>"; };
		93EEDBCF1ACB373C00502543 /* man_2.png */ = {isa = PBXFileReference; lastKnownFileType = image.png; name = man_2.png; path = ../../../VM_IMAGES/man_2.png; sourceTree = "<group>"; };
		93EEDBD01ACB373C00502543 /* man_3.png */ = {isa = PBXFileReference; lastKnownFileType = image.png; name = man_3.png; path = ../../../VM_IMAGES/man_3.png; sourceTree = "<group>"; };
		93EEDBD11ACB373C00502543 /* man_4.png */ = {isa = PBXFileReference; lastKnownFileType = image.png; name = man_4.png; path = ../../../VM_IMAGES/man_4.png; sourceTree = "<group>"; };
		93EEDBD21ACB373C00502543 /* man_5.png */ = {isa = PBXFileReference; lastKnownFileType = image.png; name = man_5.png; path = ../../../VM_IMAGES/man_5.png; sourceTree = "<group>"; };
		93EEDBD31ACB373C00502543 /* man_6.png */ = {isa = PBXFileReference; lastKnownFileType = image.png; name = man_6.png; path = ../../../VM_IMAGES/man_6.png; sourceTree = "<group>"; };
		93EEDBD41ACB373C00502543 /* man_7.png */ = {isa = PBXFileReference; lastKnownFileType = image.png; name = man_7.png; path = ../../../VM_IMAGES/man_7.png; sourceTree = "<group>"; };
		93EEDBD51ACB373C00502543 /* man_8.png */ = {isa = PBXFileReference; lastKnownFileType = image.png; name = man_8.png; path = ../../../VM_IMAGES/man_8.png; sourceTree = "<group>"; };
		93EEDBD61ACB373C00502543 /* man_9.png */ = {isa = PBXFileReference; lastKnownFileType = image.png; name = man_9.png; path = ../../../VM_IMAGES/man_9.png; sourceTree = "<group>"; };
		93EEDBD71ACB373C00502543 /* man_10.png */ = {isa = PBXFileReference; lastKnownFileType = image.png; name = man_10.png; path = ../../../VM_IMAGES/man_10.png; sourceTree = "<group>"; };
		93EEDBD81ACB373C00502543 /* man_11.png */ = {isa = PBXFileReference; lastKnownFileType = image.png; name = man_11.png; path = ../../../VM_IMAGES/man_11.png; sourceTree = "<group>"; };
		93EEDBD91ACB373C00502543 /* man_12.png */ = {isa = PBXFileReference; lastKnownFileType = image.png; name = man_12.png; path = ../../../VM_IMAGES/man_12.png; sourceTree = "<group>"; };
		93EEDBDA1ACB373C00502543 /* man_13.png */ = {isa = PBXFileReference; lastKnownFileType = image.png; name = man_13.png; path = ../../../VM_IMAGES/man_13.png; sourceTree = "<group>"; };
		93EEDBDB1ACB373C00502543 /* man_14.png */ = {isa = PBXFileReference; lastKnownFileType = image.png; name = man_14.png; path = ../../../VM_IMAGES/man_14.png; sourceTree = "<group>"; };
		93EEDBDC1ACB373C00502543 /* man_15.png */ = {isa = PBXFileReference; lastKnownFileType = image.png; name = man_15.png; path = ../../../VM_IMAGES/man_15.png; sourceTree = "<group>"; };
		93EEDBDD1ACB373C00502543 /* man_16.png */ = {isa = PBXFileReference; lastKnownFileType = image.png; name = man_16.png; path = ../../../VM_IMAGES/man_16.png; sourceTree = "<group>"; };
		93EEDBDE1ACB373C00502543 /* man_17.png */ = {isa = PBXFileReference; lastKnownFileType = image.png; name = man_17.png; path = ../../../VM_IMAGES/man_17.png; sourceTree = "<group>"; };
		93EEDBDF1ACB373C00502543 /* man_18.png */ = {isa = PBXFileReference; lastKnownFileType = image.png; name = man_18.png; path = ../../../VM_IMAGES/man_18.png; sourceTree = "<group>"; };
		93EEDBE01ACB373C00502543 /* man_19.png */ = {isa = PBXFileReference; lastKnownFileType = image.png; name = man_19.png; path = ../../../VM_IMAGES/man_19.png; sourceTree = "<group>"; };
		93EEDBE11ACB373C00502543 /* man_20.png */ = {isa = PBXFileReference; lastKnownFileType = image.png; name = man_20.png; path = ../../../VM_IMAGES/man_20.png; sourceTree = "<group>"; };
		93EEDBE21ACB373C00502543 /* man_21.png */ = {isa = PBXFileReference; lastKnownFileType = image.png; name = man_21.png; path = ../../../VM_IMAGES/man_21.png; sourceTree = "<group>"; };
		93EEDBE31ACB373C00502543 /* man_22.png */ = {isa = PBXFileReference; lastKnownFileType = image.png; name = man_22.png; path = ../../../VM_IMAGES/man_22.png; sourceTree = "<group>"; };
		93EEDBE41ACB373C00502543 /* man_23.png */ = {isa = PBXFileReference; lastKnownFileType = image.png; name = man_23.png; path = ../../../VM_IMAGES/man_23.png; sourceTree = "<group>"; };
		93EEDBE51ACB373C00502543 /* man_24.png */ = {isa = PBXFileReference; lastKnownFileType = image.png; name = man_24.png; path = ../../../VM_IMAGES/man_24.png; sourceTree = "<group>"; };
		93EEDBE61ACB373C00502543 /* man_25.png */ = {isa = PBXFileReference; lastKnownFileType = image.png; name = man_25.png; path = ../../../VM_IMAGES/man_25.png; sourceTree = "<group>"; };
		93EEDBE71ACB373C00502543 /* power_hummingbird.png */ = {isa = PBXFileReference; lastKnownFileType = image.png; name = power_hummingbird.png; path = ../../../VM_IMAGES/power_hummingbird.png; sourceTree = "<group>"; };
		93EEDBE81ACB373C00502543 /* power_jelly.png */ = {isa = PBXFileReference; lastKnownFileType = image.png; name = power_jelly.png; path = ../../../VM_IMAGES/power_jelly.png; sourceTree = "<group>"; };
		93EEDBE91ACB373C00502543 /* power_porcupine.png */ = {isa = PBXFileReference; lastKnownFileType = image.png; name = power_porcupine.png; path = ../../../VM_IMAGES/power_porcupine.png; sourceTree = "<group>"; };
		93EEDBEA1ACB373C00502543 /* vera_and_fred.png */ = {isa = PBXFileReference; lastKnownFileType = image.png; name = vera_and_fred.png; path = ../../../VM_IMAGES/vera_and_fred.png; sourceTree = "<group>"; };
		942B965419AAC846006A396B /* VeraMeat Play.app */ = {isa = PBXFileReference; explicitFileType = wrapper.application; includeInIndex = 0; path = "VeraMeat Play.app"; sourceTree = BUILT_PRODUCTS_DIR; };
		942B965719AAC846006A396B /* Foundation.framework */ = {isa = PBXFileReference; lastKnownFileType = wrapper.framework; name = Foundation.framework; path = System/Library/Frameworks/Foundation.framework; sourceTree = SDKROOT; };
		942B965919AAC846006A396B /* CoreGraphics.framework */ = {isa = PBXFileReference; lastKnownFileType = wrapper.framework; name = CoreGraphics.framework; path = System/Library/Frameworks/CoreGraphics.framework; sourceTree = SDKROOT; };
		942B965B19AAC846006A396B /* UIKit.framework */ = {isa = PBXFileReference; lastKnownFileType = wrapper.framework; name = UIKit.framework; path = System/Library/Frameworks/UIKit.framework; sourceTree = SDKROOT; };
		942B965F19AAC846006A396B /* VeraMeat Play-Info.plist */ = {isa = PBXFileReference; lastKnownFileType = text.plist.xml; path = "VeraMeat Play-Info.plist"; sourceTree = "<group>"; };
		942B966119AAC846006A396B /* en */ = {isa = PBXFileReference; lastKnownFileType = text.plist.strings; name = en; path = en.lproj/InfoPlist.strings; sourceTree = "<group>"; };
		942B966319AAC846006A396B /* main.m */ = {isa = PBXFileReference; lastKnownFileType = sourcecode.c.objc; path = main.m; sourceTree = "<group>"; };
		942B966519AAC846006A396B /* VeraMeat Play-Prefix.pch */ = {isa = PBXFileReference; lastKnownFileType = sourcecode.c.h; path = "VeraMeat Play-Prefix.pch"; sourceTree = "<group>"; };
		942B966619AAC846006A396B /* VMAppDelegate.h */ = {isa = PBXFileReference; lastKnownFileType = sourcecode.c.h; path = VMAppDelegate.h; sourceTree = "<group>"; };
		942B966719AAC846006A396B /* VMAppDelegate.m */ = {isa = PBXFileReference; lastKnownFileType = sourcecode.c.objc; path = VMAppDelegate.m; sourceTree = "<group>"; };
		942B967219AAC846006A396B /* Images.xcassets */ = {isa = PBXFileReference; lastKnownFileType = folder.assetcatalog; path = Images.xcassets; sourceTree = "<group>"; };
		942B967819AAC846006A396B /* VeraMeat PlayTests.xctest */ = {isa = PBXFileReference; explicitFileType = wrapper.cfbundle; includeInIndex = 0; path = "VeraMeat PlayTests.xctest"; sourceTree = BUILT_PRODUCTS_DIR; };
		942B967919AAC846006A396B /* XCTest.framework */ = {isa = PBXFileReference; lastKnownFileType = wrapper.framework; name = XCTest.framework; path = Library/Frameworks/XCTest.framework; sourceTree = DEVELOPER_DIR; };
		942B968119AAC846006A396B /* VeraMeat PlayTests-Info.plist */ = {isa = PBXFileReference; lastKnownFileType = text.plist.xml; path = "VeraMeat PlayTests-Info.plist"; sourceTree = "<group>"; };
		942B968319AAC846006A396B /* en */ = {isa = PBXFileReference; lastKnownFileType = text.plist.strings; name = en; path = en.lproj/InfoPlist.strings; sourceTree = "<group>"; };
		942B968519AAC846006A396B /* VeraMeat_PlayTests.m */ = {isa = PBXFileReference; lastKnownFileType = sourcecode.c.objc; path = VeraMeat_PlayTests.m; sourceTree = "<group>"; };
		942B968F19AAC8A5006A396B /* VMGridViewController.h */ = {isa = PBXFileReference; fileEncoding = 4; lastKnownFileType = sourcecode.c.h; path = VMGridViewController.h; sourceTree = "<group>"; };
		942B969019AAC8A5006A396B /* VMGridViewController.m */ = {isa = PBXFileReference; fileEncoding = 4; lastKnownFileType = sourcecode.c.objc; path = VMGridViewController.m; sourceTree = "<group>"; };
		942B969219AAC9AC006A396B /* VMGridViewCell.h */ = {isa = PBXFileReference; fileEncoding = 4; lastKnownFileType = sourcecode.c.h; path = VMGridViewCell.h; sourceTree = "<group>"; };
		942B969319AAC9AC006A396B /* VMGridViewCell.m */ = {isa = PBXFileReference; fileEncoding = 4; lastKnownFileType = sourcecode.c.objc; path = VMGridViewCell.m; sourceTree = "<group>"; };
		942B971119AACF11006A396B /* Storyboard.storyboard */ = {isa = PBXFileReference; fileEncoding = 4; lastKnownFileType = file.storyboard; path = Storyboard.storyboard; sourceTree = "<group>"; };
/* End PBXFileReference section */

/* Begin PBXFrameworksBuildPhase section */
		942B965119AAC846006A396B /* Frameworks */ = {
			isa = PBXFrameworksBuildPhase;
			buildActionMask = 2147483647;
			files = (
				942B965A19AAC846006A396B /* CoreGraphics.framework in Frameworks */,
				942B965C19AAC846006A396B /* UIKit.framework in Frameworks */,
				942B965819AAC846006A396B /* Foundation.framework in Frameworks */,
			);
			runOnlyForDeploymentPostprocessing = 0;
		};
		942B967519AAC846006A396B /* Frameworks */ = {
			isa = PBXFrameworksBuildPhase;
			buildActionMask = 2147483647;
			files = (
				942B967A19AAC846006A396B /* XCTest.framework in Frameworks */,
				942B967C19AAC846006A396B /* UIKit.framework in Frameworks */,
				942B967B19AAC846006A396B /* Foundation.framework in Frameworks */,
			);
			runOnlyForDeploymentPostprocessing = 0;
		};
/* End PBXFrameworksBuildPhase section */

/* Begin PBXGroup section */
		942B964B19AAC846006A396B = {
			isa = PBXGroup;
			children = (
				942B965D19AAC846006A396B /* VeraMeat Play */,
				942B967F19AAC846006A396B /* VeraMeat PlayTests */,
				942B965619AAC846006A396B /* Frameworks */,
				942B965519AAC846006A396B /* Products */,
			);
			sourceTree = "<group>";
		};
		942B965519AAC846006A396B /* Products */ = {
			isa = PBXGroup;
			children = (
				942B965419AAC846006A396B /* VeraMeat Play.app */,
				942B967819AAC846006A396B /* VeraMeat PlayTests.xctest */,
			);
			name = Products;
			sourceTree = "<group>";
		};
		942B965619AAC846006A396B /* Frameworks */ = {
			isa = PBXGroup;
			children = (
				942B965719AAC846006A396B /* Foundation.framework */,
				942B965919AAC846006A396B /* CoreGraphics.framework */,
				942B965B19AAC846006A396B /* UIKit.framework */,
				942B967919AAC846006A396B /* XCTest.framework */,
			);
			name = Frameworks;
			sourceTree = "<group>";
		};
		942B965D19AAC846006A396B /* VeraMeat Play */ = {
			isa = PBXGroup;
			children = (
				942B966619AAC846006A396B /* VMAppDelegate.h */,
				942B966719AAC846006A396B /* VMAppDelegate.m */,
				942B971119AACF11006A396B /* Storyboard.storyboard */,
				942B968F19AAC8A5006A396B /* VMGridViewController.h */,
				942B969019AAC8A5006A396B /* VMGridViewController.m */,
				942B969219AAC9AC006A396B /* VMGridViewCell.h */,
				942B969319AAC9AC006A396B /* VMGridViewCell.m */,
				942B967219AAC846006A396B /* Images.xcassets */,
				942B965E19AAC846006A396B /* Supporting Files */,
			);
			path = "VeraMeat Play";
			sourceTree = "<group>";
		};
		942B965E19AAC846006A396B /* Supporting Files */ = {
			isa = PBXGroup;
			children = (
				93EEDB821ACB373B00502543 /* back_card_cat.png */,
				93EEDB831ACB373B00502543 /* back_card_dog.png */,
				93EEDB841ACB373B00502543 /* back_card_gentleman.png */,
				93EEDB851ACB373B00502543 /* back_card_lady.png */,
				93EEDB861ACB373B00502543 /* cat_1.png */,
				93EEDB871ACB373B00502543 /* cat_2.png */,
				93EEDB881ACB373B00502543 /* cat_3.png */,
				93EEDB891ACB373B00502543 /* cat_4.png */,
				93EEDB8A1ACB373B00502543 /* cat_5.png */,
				93EEDB8B1ACB373B00502543 /* cat_6.png */,
				93EEDB8C1ACB373B00502543 /* cat_7.png */,
				93EEDB8D1ACB373B00502543 /* cat_8.png */,
				93EEDB8E1ACB373B00502543 /* cat_9.png */,
				93EEDB8F1ACB373B00502543 /* cat_10.png */,
				93EEDB901ACB373B00502543 /* cat_11.png */,
				93EEDB911ACB373B00502543 /* cat_12.png */,
				93EEDB921ACB373B00502543 /* cat_13.png */,
				93EEDB931ACB373B00502543 /* cat_14.png */,
				93EEDB941ACB373B00502543 /* cat_15.png */,
				93EEDB951ACB373B00502543 /* cat_16.png */,
				93EEDB961ACB373B00502543 /* cat_17.png */,
				93EEDB971ACB373B00502543 /* cat_18.png */,
				93EEDB981ACB373B00502543 /* cat_19.png */,
				93EEDB991ACB373B00502543 /* cat_20.png */,
				93EEDB9A1ACB373B00502543 /* cat_21.png */,
				93EEDB9B1ACB373B00502543 /* cat_22.png */,
				93EEDB9C1ACB373B00502543 /* cat_23.png */,
				93EEDB9D1ACB373B00502543 /* cat_24.png */,
				93EEDB9E1ACB373B00502543 /* cat_25.png */,
				93EEDB9F1ACB373B00502543 /* dog_1.png */,
				93EEDBA01ACB373B00502543 /* dog_2.png */,
				93EEDBA11ACB373B00502543 /* dog_3.png */,
				93EEDBA21ACB373B00502543 /* dog_4.png */,
				93EEDBA31ACB373B00502543 /* dog_5.png */,
				93EEDBA41ACB373B00502543 /* dog_6.png */,
				93EEDBA51ACB373B00502543 /* dog_7.png */,
				93EEDBA61ACB373B00502543 /* dog_8.png */,
				93EEDBA71ACB373B00502543 /* dog_9.png */,
				93EEDBA81ACB373B00502543 /* dog_10.png */,
				93EEDBA91ACB373B00502543 /* dog_11.png */,
				93EEDBAA1ACB373B00502543 /* dog_12.png */,
				93EEDBAB1ACB373B00502543 /* dog_13.png */,
				93EEDBAC1ACB373B00502543 /* dog_14.png */,
				93EEDBAD1ACB373B00502543 /* dog_15.png */,
				93EEDBAE1ACB373B00502543 /* dog_16.png */,
				93EEDBAF1ACB373B00502543 /* dog_17.png */,
				93EEDBB01ACB373B00502543 /* dog_18.png */,
				93EEDBB11ACB373B00502543 /* dog_19.png */,
				93EEDBB21ACB373B00502543 /* dog_20.png */,
				93EEDBB31ACB373B00502543 /* dog_21.png */,
				93EEDBB41ACB373B00502543 /* dog_22.png */,
				93EEDBB51ACB373B00502543 /* dog_23.png */,
				93EEDBB61ACB373B00502543 /* dog_24.png */,
				93EEDBB71ACB373B00502543 /* dog_25.png */,
				93EEDBB81ACB373B00502543 /* hand_heart.png */,
				93EEDBB91ACB373B00502543 /* lady_1.png */,
				93EEDBBA1ACB373B00502543 /* lady_2.png */,
				93EEDBBB1ACB373B00502543 /* lady_3.png */,
				93EEDBBC1ACB373B00502543 /* lady_4.png */,
				93EEDBBD1ACB373B00502543 /* lady_5.png */,
				93EEDBBE1ACB373B00502543 /* lady_6.png */,
				93EEDBBF1ACB373B00502543 /* lady_7.png */,
				93EEDBC01ACB373B00502543 /* lady_8.png */,
				93EEDBC11ACB373B00502543 /* lady_9.png */,
				93EEDBC21ACB373B00502543 /* lady_10.png */,
				93EEDBC31ACB373B00502543 /* lady_11.png */,
				93EEDBC41ACB373B00502543 /* lady_12.png */,
				93EEDBC51ACB373B00502543 /* lady_13.png */,
				93EEDBC61ACB373B00502543 /* lady_14.png */,
				93EEDBC71ACB373B00502543 /* lady_15.png */,
				93EEDBC81ACB373B00502543 /* lady_16.png */,
				93EEDBC91ACB373C00502543 /* lady_17.png */,
				93EEDBCA1ACB373C00502543 /* lady_18.png */,
				93EEDBCB1ACB373C00502543 /* lady_19.png */,
				93EEDBCC1ACB373C00502543 /* lady_20.png */,
				93EEDBCD1ACB373C00502543 /* lady_21.png */,
				93EEDBCE1ACB373C00502543 /* man_1.png */,
				93EEDBCF1ACB373C00502543 /* man_2.png */,
				93EEDBD01ACB373C00502543 /* man_3.png */,
				93EEDBD11ACB373C00502543 /* man_4.png */,
				93EEDBD21ACB373C00502543 /* man_5.png */,
				93EEDBD31ACB373C00502543 /* man_6.png */,
				93EEDBD41ACB373C00502543 /* man_7.png */,
				93EEDBD51ACB373C00502543 /* man_8.png */,
				93EEDBD61ACB373C00502543 /* man_9.png */,
				93EEDBD71ACB373C00502543 /* man_10.png */,
				93EEDBD81ACB373C00502543 /* man_11.png */,
				93EEDBD91ACB373C00502543 /* man_12.png */,
				93EEDBDA1ACB373C00502543 /* man_13.png */,
				93EEDBDB1ACB373C00502543 /* man_14.png */,
				93EEDBDC1ACB373C00502543 /* man_15.png */,
				93EEDBDD1ACB373C00502543 /* man_16.png */,
				93EEDBDE1ACB373C00502543 /* man_17.png */,
				93EEDBDF1ACB373C00502543 /* man_18.png */,
				93EEDBE01ACB373C00502543 /* man_19.png */,
				93EEDBE11ACB373C00502543 /* man_20.png */,
				93EEDBE21ACB373C00502543 /* man_21.png */,
				93EEDBE31ACB373C00502543 /* man_22.png */,
				93EEDBE41ACB373C00502543 /* man_23.png */,
				93EEDBE51ACB373C00502543 /* man_24.png */,
				93EEDBE61ACB373C00502543 /* man_25.png */,
				93EEDBE71ACB373C00502543 /* power_hummingbird.png */,
				93EEDBE81ACB373C00502543 /* power_jelly.png */,
				93EEDBE91ACB373C00502543 /* power_porcupine.png */,
				93EEDBEA1ACB373C00502543 /* vera_and_fred.png */,
				942B965F19AAC846006A396B /* VeraMeat Play-Info.plist */,
				942B966019AAC846006A396B /* InfoPlist.strings */,
				942B966319AAC846006A396B /* main.m */,
				942B966519AAC846006A396B /* VeraMeat Play-Prefix.pch */,
			);
			name = "Supporting Files";
			sourceTree = "<group>";
		};
		942B967F19AAC846006A396B /* VeraMeat PlayTests */ = {
			isa = PBXGroup;
			children = (
				942B968519AAC846006A396B /* VeraMeat_PlayTests.m */,
				942B968019AAC846006A396B /* Supporting Files */,
			);
			path = "VeraMeat PlayTests";
			sourceTree = "<group>";
		};
		942B968019AAC846006A396B /* Supporting Files */ = {
			isa = PBXGroup;
			children = (
				942B968119AAC846006A396B /* VeraMeat PlayTests-Info.plist */,
				942B968219AAC846006A396B /* InfoPlist.strings */,
			);
			name = "Supporting Files";
			sourceTree = "<group>";
		};
/* End PBXGroup section */

/* Begin PBXNativeTarget section */
		942B965319AAC846006A396B /* VeraMeat Play */ = {
			isa = PBXNativeTarget;
			buildConfigurationList = 942B968919AAC846006A396B /* Build configuration list for PBXNativeTarget "VeraMeat Play" */;
			buildPhases = (
				942B965019AAC846006A396B /* Sources */,
				942B965119AAC846006A396B /* Frameworks */,
				942B965219AAC846006A396B /* Resources */,
			);
			buildRules = (
			);
			dependencies = (
			);
			name = "VeraMeat Play";
			productName = "VeraMeat Play";
			productReference = 942B965419AAC846006A396B /* VeraMeat Play.app */;
			productType = "com.apple.product-type.application";
		};
		942B967719AAC846006A396B /* VeraMeat PlayTests */ = {
			isa = PBXNativeTarget;
			buildConfigurationList = 942B968C19AAC846006A396B /* Build configuration list for PBXNativeTarget "VeraMeat PlayTests" */;
			buildPhases = (
				942B967419AAC846006A396B /* Sources */,
				942B967519AAC846006A396B /* Frameworks */,
				942B967619AAC846006A396B /* Resources */,
			);
			buildRules = (
			);
			dependencies = (
				942B967E19AAC846006A396B /* PBXTargetDependency */,
			);
			name = "VeraMeat PlayTests";
			productName = "VeraMeat PlayTests";
			productReference = 942B967819AAC846006A396B /* VeraMeat PlayTests.xctest */;
			productType = "com.apple.product-type.bundle.unit-test";
		};
/* End PBXNativeTarget section */

/* Begin PBXProject section */
		942B964C19AAC846006A396B /* Project object */ = {
			isa = PBXProject;
			attributes = {
				CLASSPREFIX = VM;
				LastUpgradeCheck = 0510;
				ORGANIZATIONNAME = VeraMeat;
				TargetAttributes = {
					942B967719AAC846006A396B = {
						TestTargetID = 942B965319AAC846006A396B;
					};
				};
			};
			buildConfigurationList = 942B964F19AAC846006A396B /* Build configuration list for PBXProject "VeraMeat Play" */;
			compatibilityVersion = "Xcode 3.2";
			developmentRegion = English;
			hasScannedForEncodings = 0;
			knownRegions = (
				en,
				Base,
			);
			mainGroup = 942B964B19AAC846006A396B;
			productRefGroup = 942B965519AAC846006A396B /* Products */;
			projectDirPath = "";
			projectRoot = "";
			targets = (
				942B965319AAC846006A396B /* VeraMeat Play */,
				942B967719AAC846006A396B /* VeraMeat PlayTests */,
			);
		};
/* End PBXProject section */

/* Begin PBXResourcesBuildPhase section */
		942B965219AAC846006A396B /* Resources */ = {
			isa = PBXResourcesBuildPhase;
			buildActionMask = 2147483647;
			files = (
				93EEDC471ACB373C00502543 /* man_17.png in Resources */,
				93EEDC2B1ACB373C00502543 /* lady_10.png in Resources */,
				93EEDC1A1ACB373C00502543 /* dog_19.png in Resources */,
				93EEDC101ACB373C00502543 /* dog_9.png in Resources */,
				93EEDC481ACB373C00502543 /* man_18.png in Resources */,
				93EEDBF51ACB373C00502543 /* cat_7.png in Resources */,
				93EEDC491ACB373C00502543 /* man_19.png in Resources */,
				93EEDC2D1ACB373C00502543 /* lady_12.png in Resources */,
				93EEDBFA1ACB373C00502543 /* cat_12.png in Resources */,
				93EEDC461ACB373C00502543 /* man_16.png in Resources */,
				93EEDBED1ACB373C00502543 /* back_card_gentleman.png in Resources */,
				93EEDC351ACB373C00502543 /* lady_20.png in Resources */,
				93EEDC051ACB373C00502543 /* cat_23.png in Resources */,
				942B967319AAC846006A396B /* Images.xcassets in Resources */,
				93EEDC0F1ACB373C00502543 /* dog_8.png in Resources */,
				93EEDC0A1ACB373C00502543 /* dog_3.png in Resources */,
				93EEDC3B1ACB373C00502543 /* man_5.png in Resources */,
				93EEDBFF1ACB373C00502543 /* cat_17.png in Resources */,
				93EEDC0D1ACB373C00502543 /* dog_6.png in Resources */,
				93EEDC201ACB373C00502543 /* dog_25.png in Resources */,
				93EEDC231ACB373C00502543 /* lady_2.png in Resources */,
				93EEDBEB1ACB373C00502543 /* back_card_cat.png in Resources */,
				93EEDBF91ACB373C00502543 /* cat_11.png in Resources */,
				93EEDC4F1ACB373C00502543 /* man_25.png in Resources */,
				93EEDC261ACB373C00502543 /* lady_5.png in Resources */,
				93EEDC2A1ACB373C00502543 /* lady_9.png in Resources */,
				93EEDC3E1ACB373C00502543 /* man_8.png in Resources */,
				93EEDC321ACB373C00502543 /* lady_17.png in Resources */,
				93EEDC061ACB373C00502543 /* cat_24.png in Resources */,
				93EEDC281ACB373C00502543 /* lady_7.png in Resources */,
				93EEDC4D1ACB373C00502543 /* man_23.png in Resources */,
				93EEDC031ACB373C00502543 /* cat_21.png in Resources */,
				93EEDC161ACB373C00502543 /* dog_15.png in Resources */,
				93EEDC3C1ACB373C00502543 /* man_6.png in Resources */,
				93EEDC2E1ACB373C00502543 /* lady_13.png in Resources */,
				93EEDBF61ACB373C00502543 /* cat_8.png in Resources */,
				93EEDC141ACB373C00502543 /* dog_13.png in Resources */,
				942B971219AACF11006A396B /* Storyboard.storyboard in Resources */,
				93EEDC181ACB373C00502543 /* dog_17.png in Resources */,
				93EEDC2F1ACB373C00502543 /* lady_14.png in Resources */,
				93EEDBFD1ACB373C00502543 /* cat_15.png in Resources */,
				93EEDC131ACB373C00502543 /* dog_12.png in Resources */,
				93EEDC341ACB373C00502543 /* lady_19.png in Resources */,
				93EEDC3D1ACB373C00502543 /* man_7.png in Resources */,
				93EEDC1C1ACB373C00502543 /* dog_21.png in Resources */,
				93EEDC4E1ACB373C00502543 /* man_24.png in Resources */,
				93EEDBFB1ACB373C00502543 /* cat_13.png in Resources */,
				93EEDC3F1ACB373C00502543 /* man_9.png in Resources */,
				93EEDC0E1ACB373C00502543 /* dog_7.png in Resources */,
				93EEDC441ACB373C00502543 /* man_14.png in Resources */,
				93EEDC1E1ACB373C00502543 /* dog_23.png in Resources */,
				93EEDBF31ACB373C00502543 /* cat_5.png in Resources */,
				93EEDBF21ACB373C00502543 /* cat_4.png in Resources */,
				93EEDBFE1ACB373C00502543 /* cat_16.png in Resources */,
				93EEDBF41ACB373C00502543 /* cat_6.png in Resources */,
				93EEDBF11ACB373C00502543 /* cat_3.png in Resources */,
				93EEDBEF1ACB373C00502543 /* cat_1.png in Resources */,
				93EEDC241ACB373C00502543 /* lady_3.png in Resources */,
				93EEDBEE1ACB373C00502543 /* back_card_lady.png in Resources */,
				93EEDC011ACB373C00502543 /* cat_19.png in Resources */,
				93EEDBF71ACB373C00502543 /* cat_9.png in Resources */,
				93EEDC4C1ACB373C00502543 /* man_22.png in Resources */,
				93EEDBFC1ACB373C00502543 /* cat_14.png in Resources */,
				93EEDC311ACB373C00502543 /* lady_16.png in Resources */,
				93EEDC151ACB373C00502543 /* dog_14.png in Resources */,
				93EEDC0B1ACB373C00502543 /* dog_4.png in Resources */,
				93EEDC511ACB373C00502543 /* power_jelly.png in Resources */,
				93EEDBEC1ACB373C00502543 /* back_card_dog.png in Resources */,
				93EEDC251ACB373C00502543 /* lady_4.png in Resources */,
				93EEDC381ACB373C00502543 /* man_2.png in Resources */,
				93EEDC301ACB373C00502543 /* lady_15.png in Resources */,
				93EEDBF81ACB373C00502543 /* cat_10.png in Resources */,
				93EEDC521ACB373C00502543 /* power_porcupine.png in Resources */,
				93EEDC421ACB373C00502543 /* man_12.png in Resources */,
				93EEDC371ACB373C00502543 /* man_1.png in Resources */,
				93EEDC391ACB373C00502543 /* man_3.png in Resources */,
				93EEDBF01ACB373C00502543 /* cat_2.png in Resources */,
				93EEDC121ACB373C00502543 /* dog_11.png in Resources */,
				93EEDC411ACB373C00502543 /* man_11.png in Resources */,
				93EEDC071ACB373C00502543 /* cat_25.png in Resources */,
				93EEDC041ACB373C00502543 /* cat_22.png in Resources */,
				93EEDC2C1ACB373C00502543 /* lady_11.png in Resources */,
				93EEDC1F1ACB373C00502543 /* dog_24.png in Resources */,
				93EEDC091ACB373C00502543 /* dog_2.png in Resources */,
				93EEDC531ACB373C00502543 /* vera_and_fred.png in Resources */,
				93EEDC501ACB373C00502543 /* power_hummingbird.png in Resources */,
				93EEDC361ACB373C00502543 /* lady_21.png in Resources */,
				93EEDC1D1ACB373C00502543 /* dog_22.png in Resources */,
				93EEDC0C1ACB373C00502543 /* dog_5.png in Resources */,
				93EEDC431ACB373C00502543 /* man_13.png in Resources */,
				93EEDC291ACB373C00502543 /* lady_8.png in Resources */,
				93EEDC1B1ACB373C00502543 /* dog_20.png in Resources */,
				93EEDC3A1ACB373C00502543 /* man_4.png in Resources */,
				93EEDC021ACB373C00502543 /* cat_20.png in Resources */,
				93EEDC001ACB373C00502543 /* cat_18.png in Resources */,
				93EEDC401ACB373C00502543 /* man_10.png in Resources */,
				93EEDC451ACB373C00502543 /* man_15.png in Resources */,
				93EEDC191ACB373C00502543 /* dog_18.png in Resources */,
				93EEDC331ACB373C00502543 /* lady_18.png in Resources */,
				93EEDC4B1ACB373C00502543 /* man_21.png in Resources */,
				93EEDC111ACB373C00502543 /* dog_10.png in Resources */,
				93EEDC171ACB373C00502543 /* dog_16.png in Resources */,
				93EEDC221ACB373C00502543 /* lady_1.png in Resources */,
				93EEDC271ACB373C00502543 /* lady_6.png in Resources */,
				93EEDC4A1ACB373C00502543 /* man_20.png in Resources */,
				93EEDC211ACB373C00502543 /* hand_heart.png in Resources */,
				93EEDC081ACB373C00502543 /* dog_1.png in Resources */,
				942B966219AAC846006A396B /* InfoPlist.strings in Resources */,
			);
			runOnlyForDeploymentPostprocessing = 0;
		};
		942B967619AAC846006A396B /* Resources */ = {
			isa = PBXResourcesBuildPhase;
			buildActionMask = 2147483647;
			files = (
				942B968419AAC846006A396B /* InfoPlist.strings in Resources */,
			);
			runOnlyForDeploymentPostprocessing = 0;
		};
/* End PBXResourcesBuildPhase section */

/* Begin PBXSourcesBuildPhase section */
		942B965019AAC846006A396B /* Sources */ = {
			isa = PBXSourcesBuildPhase;
			buildActionMask = 2147483647;
			files = (
				942B969119AAC8A5006A396B /* VMGridViewController.m in Sources */,
				942B966419AAC846006A396B /* main.m in Sources */,
				942B966819AAC846006A396B /* VMAppDelegate.m in Sources */,
				942B969419AAC9AC006A396B /* VMGridViewCell.m in Sources */,
			);
			runOnlyForDeploymentPostprocessing = 0;
		};
		942B967419AAC846006A396B /* Sources */ = {
			isa = PBXSourcesBuildPhase;
			buildActionMask = 2147483647;
			files = (
				942B968619AAC846006A396B /* VeraMeat_PlayTests.m in Sources */,
			);
			runOnlyForDeploymentPostprocessing = 0;
		};
/* End PBXSourcesBuildPhase section */

/* Begin PBXTargetDependency section */
		942B967E19AAC846006A396B /* PBXTargetDependency */ = {
			isa = PBXTargetDependency;
			target = 942B965319AAC846006A396B /* VeraMeat Play */;
			targetProxy = 942B967D19AAC846006A396B /* PBXContainerItemProxy */;
		};
/* End PBXTargetDependency section */

/* Begin PBXVariantGroup section */
		942B966019AAC846006A396B /* InfoPlist.strings */ = {
			isa = PBXVariantGroup;
			children = (
				942B966119AAC846006A396B /* en */,
			);
			name = InfoPlist.strings;
			sourceTree = "<group>";
		};
		942B968219AAC846006A396B /* InfoPlist.strings */ = {
			isa = PBXVariantGroup;
			children = (
				942B968319AAC846006A396B /* en */,
			);
			name = InfoPlist.strings;
			sourceTree = "<group>";
		};
/* End PBXVariantGroup section */

/* Begin XCBuildConfiguration section */
		942B968719AAC846006A396B /* Debug */ = {
			isa = XCBuildConfiguration;
			buildSettings = {
				ALWAYS_SEARCH_USER_PATHS = NO;
				CLANG_CXX_LANGUAGE_STANDARD = "gnu++0x";
				CLANG_CXX_LIBRARY = "libc++";
				CLANG_ENABLE_MODULES = YES;
				CLANG_ENABLE_OBJC_ARC = YES;
				CLANG_WARN_BOOL_CONVERSION = YES;
				CLANG_WARN_CONSTANT_CONVERSION = YES;
				CLANG_WARN_DIRECT_OBJC_ISA_USAGE = YES_ERROR;
				CLANG_WARN_EMPTY_BODY = YES;
				CLANG_WARN_ENUM_CONVERSION = YES;
				CLANG_WARN_INT_CONVERSION = YES;
				CLANG_WARN_OBJC_ROOT_CLASS = YES_ERROR;
				CLANG_WARN__DUPLICATE_METHOD_MATCH = YES;
				"CODE_SIGN_IDENTITY[sdk=iphoneos*]" = "iPhone Developer";
				COPY_PHASE_STRIP = NO;
				GCC_C_LANGUAGE_STANDARD = gnu99;
				GCC_DYNAMIC_NO_PIC = NO;
				GCC_OPTIMIZATION_LEVEL = 0;
				GCC_PREPROCESSOR_DEFINITIONS = (
					"DEBUG=1",
					"$(inherited)",
				);
				GCC_SYMBOLS_PRIVATE_EXTERN = NO;
				GCC_WARN_64_TO_32_BIT_CONVERSION = YES;
				GCC_WARN_ABOUT_RETURN_TYPE = YES_ERROR;
				GCC_WARN_UNDECLARED_SELECTOR = YES;
				GCC_WARN_UNINITIALIZED_AUTOS = YES;
				GCC_WARN_UNUSED_FUNCTION = YES;
				GCC_WARN_UNUSED_VARIABLE = YES;
				IPHONEOS_DEPLOYMENT_TARGET = 7.0;
				ONLY_ACTIVE_ARCH = YES;
				SDKROOT = iphoneos;
				TARGETED_DEVICE_FAMILY = "1,2";
			};
			name = Debug;
		};
		942B968819AAC846006A396B /* Release */ = {
			isa = XCBuildConfiguration;
			buildSettings = {
				ALWAYS_SEARCH_USER_PATHS = NO;
				CLANG_CXX_LANGUAGE_STANDARD = "gnu++0x";
				CLANG_CXX_LIBRARY = "libc++";
				CLANG_ENABLE_MODULES = YES;
				CLANG_ENABLE_OBJC_ARC = YES;
				CLANG_WARN_BOOL_CONVERSION = YES;
				CLANG_WARN_CONSTANT_CONVERSION = YES;
				CLANG_WARN_DIRECT_OBJC_ISA_USAGE = YES_ERROR;
				CLANG_WARN_EMPTY_BODY = YES;
				CLANG_WARN_ENUM_CONVERSION = YES;
				CLANG_WARN_INT_CONVERSION = YES;
				CLANG_WARN_OBJC_ROOT_CLASS = YES_ERROR;
				CLANG_WARN__DUPLICATE_METHOD_MATCH = YES;
				"CODE_SIGN_IDENTITY[sdk=iphoneos*]" = "iPhone Developer";
				COPY_PHASE_STRIP = YES;
				ENABLE_NS_ASSERTIONS = NO;
				GCC_C_LANGUAGE_STANDARD = gnu99;
				GCC_WARN_64_TO_32_BIT_CONVERSION = YES;
				GCC_WARN_ABOUT_RETURN_TYPE = YES_ERROR;
				GCC_WARN_UNDECLARED_SELECTOR = YES;
				GCC_WARN_UNINITIALIZED_AUTOS = YES;
				GCC_WARN_UNUSED_FUNCTION = YES;
				GCC_WARN_UNUSED_VARIABLE = YES;
				IPHONEOS_DEPLOYMENT_TARGET = 7.0;
				SDKROOT = iphoneos;
				TARGETED_DEVICE_FAMILY = "1,2";
				VALIDATE_PRODUCT = YES;
			};
			name = Release;
		};
		942B968A19AAC846006A396B /* Debug */ = {
			isa = XCBuildConfiguration;
			buildSettings = {
				ASSETCATALOG_COMPILER_APPICON_NAME = AppIcon;
				ASSETCATALOG_COMPILER_LAUNCHIMAGE_NAME = LaunchImage;
				GCC_PRECOMPILE_PREFIX_HEADER = YES;
				GCC_PREFIX_HEADER = "VeraMeat Play/VeraMeat Play-Prefix.pch";
				INFOPLIST_FILE = "VeraMeat Play/VeraMeat Play-Info.plist";
				PRODUCT_NAME = "$(TARGET_NAME)";
				WRAPPER_EXTENSION = app;
			};
			name = Debug;
		};
		942B968B19AAC846006A396B /* Release */ = {
			isa = XCBuildConfiguration;
			buildSettings = {
				ASSETCATALOG_COMPILER_APPICON_NAME = AppIcon;
				ASSETCATALOG_COMPILER_LAUNCHIMAGE_NAME = LaunchImage;
				GCC_PRECOMPILE_PREFIX_HEADER = YES;
				GCC_PREFIX_HEADER = "VeraMeat Play/VeraMeat Play-Prefix.pch";
				INFOPLIST_FILE = "VeraMeat Play/VeraMeat Play-Info.plist";
				PRODUCT_NAME = "$(TARGET_NAME)";
				WRAPPER_EXTENSION = app;
			};
			name = Release;
		};
		942B968D19AAC846006A396B /* Debug */ = {
			isa = XCBuildConfiguration;
			buildSettings = {
				BUNDLE_LOADER = "$(BUILT_PRODUCTS_DIR)/VeraMeat Play.app/VeraMeat Play";
				FRAMEWORK_SEARCH_PATHS = (
					"$(SDKROOT)/Developer/Library/Frameworks",
					"$(inherited)",
					"$(DEVELOPER_FRAMEWORKS_DIR)",
				);
				GCC_PRECOMPILE_PREFIX_HEADER = YES;
				GCC_PREFIX_HEADER = "VeraMeat Play/VeraMeat Play-Prefix.pch";
				GCC_PREPROCESSOR_DEFINITIONS = (
					"DEBUG=1",
					"$(inherited)",
				);
				INFOPLIST_FILE = "VeraMeat PlayTests/VeraMeat PlayTests-Info.plist";
				PRODUCT_NAME = "$(TARGET_NAME)";
				TEST_HOST = "$(BUNDLE_LOADER)";
				WRAPPER_EXTENSION = xctest;
			};
			name = Debug;
		};
		942B968E19AAC846006A396B /* Release */ = {
			isa = XCBuildConfiguration;
			buildSettings = {
				BUNDLE_LOADER = "$(BUILT_PRODUCTS_DIR)/VeraMeat Play.app/VeraMeat Play";
				FRAMEWORK_SEARCH_PATHS = (
					"$(SDKROOT)/Developer/Library/Frameworks",
					"$(inherited)",
					"$(DEVELOPER_FRAMEWORKS_DIR)",
				);
				GCC_PRECOMPILE_PREFIX_HEADER = YES;
				GCC_PREFIX_HEADER = "VeraMeat Play/VeraMeat Play-Prefix.pch";
				INFOPLIST_FILE = "VeraMeat PlayTests/VeraMeat PlayTests-Info.plist";
				PRODUCT_NAME = "$(TARGET_NAME)";
				TEST_HOST = "$(BUNDLE_LOADER)";
				WRAPPER_EXTENSION = xctest;
			};
			name = Release;
		};
/* End XCBuildConfiguration section */

/* Begin XCConfigurationList section */
		942B964F19AAC846006A396B /* Build configuration list for PBXProject "VeraMeat Play" */ = {
			isa = XCConfigurationList;
			buildConfigurations = (
				942B968719AAC846006A396B /* Debug */,
				942B968819AAC846006A396B /* Release */,
			);
			defaultConfigurationIsVisible = 0;
			defaultConfigurationName = Release;
		};
		942B968919AAC846006A396B /* Build configuration list for PBXNativeTarget "VeraMeat Play" */ = {
			isa = XCConfigurationList;
			buildConfigurations = (
				942B968A19AAC846006A396B /* Debug */,
				942B968B19AAC846006A396B /* Release */,
			);
			defaultConfigurationIsVisible = 0;
			defaultConfigurationName = Release;
		};
		942B968C19AAC846006A396B /* Build configuration list for PBXNativeTarget "VeraMeat PlayTests" */ = {
			isa = XCConfigurationList;
			buildConfigurations = (
				942B968D19AAC846006A396B /* Debug */,
				942B968E19AAC846006A396B /* Release */,
			);
			defaultConfigurationIsVisible = 0;
			defaultConfigurationName = Release;
		};
/* End XCConfigurationList section */
	};
	rootObject = 942B964C19AAC846006A396B /* Project object */;
}
